
Microsoft Visual Studio Solution File, Format Version 12.00
# Visual Studio Version 17
VisualStudioVersion = 17.8.34525.116
MinimumVisualStudioVersion = 10.0.40219.1
Project("{2150E333-8FDC-42A3-9474-1A3956D46DE8}") = ".nuget", ".nuget", "{C814E341-55E7-4D98-8A72-27692347AF96}"
	ProjectSection(SolutionItems) = preProject
		.nuget\NuGet.Config = .nuget\NuGet.Config
		.nuget\NuGet.exe = .nuget\NuGet.exe
		.nuget\NuGet.targets = .nuget\NuGet.targets
	EndProjectSection
EndProject
Project("{FAE04EC0-301F-11D3-BF4B-00C04F79EFBC}") = "Molinos.Scato.Test", "Molinos.Scato.Test\Molinos.Scato.Test.csproj", "{5BC633FF-DD2A-4AFA-ACE3-EE11A4599199}"
	ProjectSection(ProjectDependencies) = postProject
		{943BA0EE-4E1D-4862-B7FD-2184EC4721D1} = {943BA0EE-4E1D-4862-B7FD-2184EC4721D1}
	EndProjectSection
EndProject
Project("{FAE04EC0-301F-11D3-BF4B-00C04F79EFBC}") = "Molinos.Scato.Build", "Molinos.Scato.Build\Molinos.Scato.Build.csproj", "{44F5695C-2D3D-431E-88CC-6BC5B73935BF}"
EndProject
Project("{00D1A9C2-B5F0-4AF3-8072-F6C62B433612}") = "Molinos.Scato.Database", "Molinos.Scato.Database\Molinos.Scato.Database.sqlproj", "{2A13F03D-A296-4CE5-859F-A3A26B884E0D}"
EndProject
Project("{FAE04EC0-301F-11D3-BF4B-00C04F79EFBC}") = "Molinos.Scato.Dependencias", "Molinos.Scato.Dependencias\Molinos.Scato.Dependencias.csproj", "{52DC0858-F415-4FE7-AEA5-1E60652DB421}"
EndProject
Project("{FAE04EC0-301F-11D3-BF4B-00C04F79EFBC}") = "Molinos.Scato.Dominio", "Molinos.Scato.Dominio\Molinos.Scato.Dominio.csproj", "{9BC79C49-4F39-409F-A3D4-F1DABB8122B4}"
EndProject
Project("{FAE04EC0-301F-11D3-BF4B-00C04F79EFBC}") = "Molinos.Scato.Repositorio", "Molinos.Scato.Repositorio\Molinos.Scato.Repositorio.csproj", "{C26344C6-9829-4673-940A-A3F44CFA945C}"
EndProject
Project("{FAE04EC0-301F-11D3-BF4B-00C04F79EFBC}") = "Molinos.Scato.Actividades", "Molinos.Scato.Actividades\Molinos.Scato.Actividades.csproj", "{98EC024C-6439-44B1-8B1E-29E457B2201F}"
EndProject
Project("{FAE04EC0-301F-11D3-BF4B-00C04F79EFBC}") = "Molinos.Scato.Workflow", "Molinos.Scato.Workflow\Molinos.Scato.Workflow.csproj", "{943BA0EE-4E1D-4862-B7FD-2184EC4721D1}"
EndProject
Project("{FAE04EC0-301F-11D3-BF4B-00C04F79EFBC}") = "Molinos.Scato.Web", "Molinos.Scato.Web\Molinos.Scato.Web.csproj", "{FA51B713-73F4-40C3-ACA3-8F2210400E08}"
	ProjectSection(ProjectDependencies) = postProject
		{943BA0EE-4E1D-4862-B7FD-2184EC4721D1} = {943BA0EE-4E1D-4862-B7FD-2184EC4721D1}
	EndProjectSection
EndProject
Project("{FAE04EC0-301F-11D3-BF4B-00C04F79EFBC}") = "Molinos.Scato.ServiciosWeb", "Molinos.Scato.ServiciosWeb\Molinos.Scato.ServiciosWeb.csproj", "{B963F3BC-9A5B-4D74-BC64-5EF150469D12}"
EndProject
Project("{FAE04EC0-301F-11D3-BF4B-00C04F79EFBC}") = "Molinos.Scato.Servicios", "Molinos.Scato.Servicios\Molinos.Scato.Servicios.csproj", "{15B3E0D2-6217-493A-A690-158C497F5318}"
EndProject
Project("{FAE04EC0-301F-11D3-BF4B-00C04F79EFBC}") = "Molinos.Scato.WfEditor", "Molinos.Scato.WfEditor\Molinos.Scato.WfEditor.csproj", "{91E03407-CB15-4B78-9BB5-93066F4D9DF6}"
EndProject
Project("{FAE04EC0-301F-11D3-BF4B-00C04F79EFBC}") = "TransmisionASapManual", "TransmisionASapManual\TransmisionASapManual.csproj", "{35076AD8-47E4-455E-B5B2-F4104D28BB72}"
EndProject
Project("{FAE04EC0-301F-11D3-BF4B-00C04F79EFBC}") = "Molinos.Scato.WebMobile", "Molinos.Scato.WebMobile\Molinos.Scato.WebMobile.csproj", "{4C4B9149-A86A-4C7C-A4CB-90FFE40E734D}"
	ProjectSection(ProjectDependencies) = postProject
		{B963F3BC-9A5B-4D74-BC64-5EF150469D12} = {B963F3BC-9A5B-4D74-BC64-5EF150469D12}
	EndProjectSection
EndProject
Project("{FAE04EC0-301F-11D3-BF4B-00C04F79EFBC}") = "Molinos.Scato.WebOperaciones", "Molinos.Scato.WebOperaciones\Molinos.Scato.WebOperaciones.csproj", "{8E2C1119-037D-4A06-9BF3-0DAD1682EC67}"
EndProject
Project("{FAE04EC0-301F-11D3-BF4B-00C04F79EFBC}") = "Molinos.Scato.WfEditorWeb", "Molinos.Scato.WfEditorWeb\Molinos.Scato.WfEditorWeb.csproj", "{F6B0C511-8ED4-4B68-B7EB-93191FF692F9}"
EndProject
Project("{FAE04EC0-301F-11D3-BF4B-00C04F79EFBC}") = "Molinos.Scato.ModuloImpresor", "Molinos.Scato.ModuloImpresor\Molinos.Scato.ModuloImpresor.csproj", "{9DA7F3C2-915E-4AF2-9CBE-CE7E892A4A6F}"
EndProject
Project("{FAE04EC0-301F-11D3-BF4B-00C04F79EFBC}") = "Molinos.Scato.WebPuertoApi", "Molinos.Scato.WebPuertoApi\Molinos.Scato.WebPuertoApi.csproj", "{9753917F-2EE3-4072-BD7E-C4F677EFAABB}"
EndProject
Project("{FAE04EC0-301F-11D3-BF4B-00C04F79EFBC}") = "Molinos.Scato.WebPuerto", "Molinos.Scato.WebPuerto\Molinos.Scato.WebPuerto.csproj", "{A089B73C-69EC-4698-A2E2-DAF208AB5EAC}"
EndProject
Project("{2150E333-8FDC-42A3-9474-1A3956D46DE8}") = "Solution Items", "Solution Items", "{0113CA3A-2D62-487C-97D9-B9DB2B4F49CF}"
	ProjectSection(SolutionItems) = preProject
		.gitignore = .gitignore
	EndProjectSection
EndProject
Project("{FAE04EC0-301F-11D3-BF4B-00C04F79EFBC}") = "Molinos.Scato.AzureAD", "Molinos.Scato.AzureAD\Molinos.Scato.AzureAD.csproj", "{6461D8F2-94BA-4F4D-8312-26890DF036BC}"
EndProject
Project("{FAE04EC0-301F-11D3-BF4B-00C04F79EFBC}") = "Molinos.Scato.ServiciosWindows", "Molinos.Scato.ServiciosWindows\Molinos.Scato.ServiciosWindows\Molinos.Scato.ServiciosWindows.csproj", "{F26B931A-C91B-45E3-ADFD-3C33A38DFA32}"
EndProject
Project("{FAE04EC0-301F-11D3-BF4B-00C04F79EFBC}") = "Molinos.Scato.Validadores", "Molinos.Scato.Validadores\Molinos.Scato.Validadores.csproj", "{A92B0022-1A22-4B71-B17A-4A04982671B1}"
EndProject
Project("{FAE04EC0-301F-11D3-BF4B-00C04F79EFBC}") = "Molinos.Scato.Utils", "Molinos.Scato.Utils\Molinos.Scato.Utils.csproj", "{A31734CC-B037-4D64-BB45-0360FB5050D0}"
EndProject
Project("{2150E333-8FDC-42A3-9474-1A3956D46DE8}") = "01 Presentation", "01 Presentation", "{EC849CAB-7270-4B6A-A894-EC2A079A8B69}"
EndProject
Project("{2150E333-8FDC-42A3-9474-1A3956D46DE8}") = "02 Services", "02 Services", "{F8FDCB7F-DBC6-4EC8-A409-3CB5B387EC2E}"
EndProject
Project("{2150E333-8FDC-42A3-9474-1A3956D46DE8}") = "03 Repository", "03 Repository", "{30355849-1B90-4FC2-9BF9-A4CDF3C655D6}"
EndProject
Project("{2150E333-8FDC-42A3-9474-1A3956D46DE8}") = "00 Cross Cutting", "00 Cross Cutting", "{E2C447EC-132B-4233-BF2A-0D40BA0B6F65}"
EndProject
Project("{2150E333-8FDC-42A3-9474-1A3956D46DE8}") = "05 Unit Testing", "05 Unit Testing", "{424CA9C5-4B3A-42CB-B410-D7374F0255B5}"
EndProject
Project("{2150E333-8FDC-42A3-9474-1A3956D46DE8}") = "99 Extra", "99 Extra", "{5627916A-C3B8-4840-9969-7881332240EC}"
EndProject
Project("{2150E333-8FDC-42A3-9474-1A3956D46DE8}") = "Workflow", "Workflow", "{DF241327-2EA0-4CC6-AD9C-F47A727F3D77}"
EndProject
Project("{2150E333-8FDC-42A3-9474-1A3956D46DE8}") = "04 Security", "04 Security", "{51493C62-1BF8-4287-811A-9A656A59BA94}"
EndProject
Global
	GlobalSection(SolutionConfigurationPlatforms) = preSolution
		Debug|Any CPU = Debug|Any CPU
		Debug|x86 = Debug|x86
		DebugLocal|Any CPU = DebugLocal|Any CPU
		DebugLocal|x86 = DebugLocal|x86
		Jenkins|Any CPU = Jenkins|Any CPU
		Jenkins|x86 = Jenkins|x86
		Release|Any CPU = Release|Any CPU
		Release|x86 = Release|x86
	EndGlobalSection
	GlobalSection(ProjectConfigurationPlatforms) = postSolution
		{5BC633FF-DD2A-4AFA-ACE3-EE11A4599199}.Debug|Any CPU.ActiveCfg = Debug|Any CPU
		{5BC633FF-DD2A-4AFA-ACE3-EE11A4599199}.Debug|Any CPU.Build.0 = Debug|Any CPU
		{5BC633FF-DD2A-4AFA-ACE3-EE11A4599199}.Debug|x86.ActiveCfg = Debug|Any CPU
		{5BC633FF-DD2A-4AFA-ACE3-EE11A4599199}.Debug|x86.Build.0 = Debug|Any CPU
		{5BC633FF-DD2A-4AFA-ACE3-EE11A4599199}.DebugLocal|Any CPU.ActiveCfg = Debug|Any CPU
		{5BC633FF-DD2A-4AFA-ACE3-EE11A4599199}.DebugLocal|Any CPU.Build.0 = Debug|Any CPU
		{5BC633FF-DD2A-4AFA-ACE3-EE11A4599199}.DebugLocal|x86.ActiveCfg = Debug|Any CPU
		{5BC633FF-DD2A-4AFA-ACE3-EE11A4599199}.DebugLocal|x86.Build.0 = Debug|Any CPU
		{5BC633FF-DD2A-4AFA-ACE3-EE11A4599199}.Jenkins|Any CPU.ActiveCfg = Jenkins|Any CPU
		{5BC633FF-DD2A-4AFA-ACE3-EE11A4599199}.Jenkins|Any CPU.Build.0 = Jenkins|Any CPU
		{5BC633FF-DD2A-4AFA-ACE3-EE11A4599199}.Jenkins|x86.ActiveCfg = Jenkins|Any CPU
		{5BC633FF-DD2A-4AFA-ACE3-EE11A4599199}.Jenkins|x86.Build.0 = Jenkins|Any CPU
		{5BC633FF-DD2A-4AFA-ACE3-EE11A4599199}.Release|Any CPU.ActiveCfg = Release|Any CPU
		{5BC633FF-DD2A-4AFA-ACE3-EE11A4599199}.Release|Any CPU.Build.0 = Release|Any CPU
		{5BC633FF-DD2A-4AFA-ACE3-EE11A4599199}.Release|x86.ActiveCfg = Release|Any CPU
		{5BC633FF-DD2A-4AFA-ACE3-EE11A4599199}.Release|x86.Build.0 = Release|Any CPU
		{44F5695C-2D3D-431E-88CC-6BC5B73935BF}.Debug|Any CPU.ActiveCfg = Debug|Any CPU
		{44F5695C-2D3D-431E-88CC-6BC5B73935BF}.Debug|Any CPU.Build.0 = Debug|Any CPU
		{44F5695C-2D3D-431E-88CC-6BC5B73935BF}.Debug|x86.ActiveCfg = Debug|Any CPU
		{44F5695C-2D3D-431E-88CC-6BC5B73935BF}.Debug|x86.Build.0 = Debug|Any CPU
		{44F5695C-2D3D-431E-88CC-6BC5B73935BF}.DebugLocal|Any CPU.ActiveCfg = Debug|Any CPU
		{44F5695C-2D3D-431E-88CC-6BC5B73935BF}.DebugLocal|Any CPU.Build.0 = Debug|Any CPU
		{44F5695C-2D3D-431E-88CC-6BC5B73935BF}.DebugLocal|x86.ActiveCfg = Debug|Any CPU
		{44F5695C-2D3D-431E-88CC-6BC5B73935BF}.DebugLocal|x86.Build.0 = Debug|Any CPU
		{44F5695C-2D3D-431E-88CC-6BC5B73935BF}.Jenkins|Any CPU.ActiveCfg = Jenkins|Any CPU
		{44F5695C-2D3D-431E-88CC-6BC5B73935BF}.Jenkins|Any CPU.Build.0 = Jenkins|Any CPU
		{44F5695C-2D3D-431E-88CC-6BC5B73935BF}.Jenkins|x86.ActiveCfg = Jenkins|Any CPU
		{44F5695C-2D3D-431E-88CC-6BC5B73935BF}.Jenkins|x86.Build.0 = Jenkins|Any CPU
		{44F5695C-2D3D-431E-88CC-6BC5B73935BF}.Release|Any CPU.ActiveCfg = Release|Any CPU
		{44F5695C-2D3D-431E-88CC-6BC5B73935BF}.Release|Any CPU.Build.0 = Release|Any CPU
		{44F5695C-2D3D-431E-88CC-6BC5B73935BF}.Release|x86.ActiveCfg = Release|Any CPU
		{44F5695C-2D3D-431E-88CC-6BC5B73935BF}.Release|x86.Build.0 = Release|Any CPU
		{2A13F03D-A296-4CE5-859F-A3A26B884E0D}.Debug|Any CPU.ActiveCfg = Debug|Any CPU
		{2A13F03D-A296-4CE5-859F-A3A26B884E0D}.Debug|Any CPU.Build.0 = Debug|Any CPU
		{2A13F03D-A296-4CE5-859F-A3A26B884E0D}.Debug|Any CPU.Deploy.0 = Debug|Any CPU
		{2A13F03D-A296-4CE5-859F-A3A26B884E0D}.Debug|x86.ActiveCfg = Debug|Any CPU
		{2A13F03D-A296-4CE5-859F-A3A26B884E0D}.Debug|x86.Build.0 = Debug|Any CPU
		{2A13F03D-A296-4CE5-859F-A3A26B884E0D}.Debug|x86.Deploy.0 = Debug|Any CPU
		{2A13F03D-A296-4CE5-859F-A3A26B884E0D}.DebugLocal|Any CPU.ActiveCfg = Debug|Any CPU
		{2A13F03D-A296-4CE5-859F-A3A26B884E0D}.DebugLocal|Any CPU.Build.0 = Debug|Any CPU
		{2A13F03D-A296-4CE5-859F-A3A26B884E0D}.DebugLocal|Any CPU.Deploy.0 = Debug|Any CPU
		{2A13F03D-A296-4CE5-859F-A3A26B884E0D}.DebugLocal|x86.ActiveCfg = Debug|Any CPU
		{2A13F03D-A296-4CE5-859F-A3A26B884E0D}.DebugLocal|x86.Build.0 = Debug|Any CPU
		{2A13F03D-A296-4CE5-859F-A3A26B884E0D}.DebugLocal|x86.Deploy.0 = Debug|Any CPU
		{2A13F03D-A296-4CE5-859F-A3A26B884E0D}.Jenkins|Any CPU.ActiveCfg = Jenkins|Any CPU
		{2A13F03D-A296-4CE5-859F-A3A26B884E0D}.Jenkins|Any CPU.Build.0 = Jenkins|Any CPU
		{2A13F03D-A296-4CE5-859F-A3A26B884E0D}.Jenkins|Any CPU.Deploy.0 = Jenkins|Any CPU
		{2A13F03D-A296-4CE5-859F-A3A26B884E0D}.Jenkins|x86.ActiveCfg = Jenkins|Any CPU
		{2A13F03D-A296-4CE5-859F-A3A26B884E0D}.Jenkins|x86.Build.0 = Jenkins|Any CPU
		{2A13F03D-A296-4CE5-859F-A3A26B884E0D}.Jenkins|x86.Deploy.0 = Jenkins|Any CPU
		{2A13F03D-A296-4CE5-859F-A3A26B884E0D}.Release|Any CPU.ActiveCfg = Release|Any CPU
		{2A13F03D-A296-4CE5-859F-A3A26B884E0D}.Release|Any CPU.Build.0 = Release|Any CPU
		{2A13F03D-A296-4CE5-859F-A3A26B884E0D}.Release|Any CPU.Deploy.0 = Release|Any CPU
		{2A13F03D-A296-4CE5-859F-A3A26B884E0D}.Release|x86.ActiveCfg = Release|Any CPU
		{2A13F03D-A296-4CE5-859F-A3A26B884E0D}.Release|x86.Build.0 = Release|Any CPU
		{2A13F03D-A296-4CE5-859F-A3A26B884E0D}.Release|x86.Deploy.0 = Release|Any CPU
		{52DC0858-F415-4FE7-AEA5-1E60652DB421}.Debug|Any CPU.ActiveCfg = Debug|Any CPU
		{52DC0858-F415-4FE7-AEA5-1E60652DB421}.Debug|Any CPU.Build.0 = Debug|Any CPU
		{52DC0858-F415-4FE7-AEA5-1E60652DB421}.Debug|x86.ActiveCfg = Debug|Any CPU
		{52DC0858-F415-4FE7-AEA5-1E60652DB421}.Debug|x86.Build.0 = Debug|Any CPU
		{52DC0858-F415-4FE7-AEA5-1E60652DB421}.DebugLocal|Any CPU.ActiveCfg = Debug|Any CPU
		{52DC0858-F415-4FE7-AEA5-1E60652DB421}.DebugLocal|Any CPU.Build.0 = Debug|Any CPU
		{52DC0858-F415-4FE7-AEA5-1E60652DB421}.DebugLocal|x86.ActiveCfg = Debug|Any CPU
		{52DC0858-F415-4FE7-AEA5-1E60652DB421}.DebugLocal|x86.Build.0 = Debug|Any CPU
		{52DC0858-F415-4FE7-AEA5-1E60652DB421}.Jenkins|Any CPU.ActiveCfg = Jenkins|Any CPU
		{52DC0858-F415-4FE7-AEA5-1E60652DB421}.Jenkins|Any CPU.Build.0 = Jenkins|Any CPU
		{52DC0858-F415-4FE7-AEA5-1E60652DB421}.Jenkins|x86.ActiveCfg = Jenkins|Any CPU
		{52DC0858-F415-4FE7-AEA5-1E60652DB421}.Jenkins|x86.Build.0 = Jenkins|Any CPU
		{52DC0858-F415-4FE7-AEA5-1E60652DB421}.Release|Any CPU.ActiveCfg = Release|Any CPU
		{52DC0858-F415-4FE7-AEA5-1E60652DB421}.Release|Any CPU.Build.0 = Release|Any CPU
		{52DC0858-F415-4FE7-AEA5-1E60652DB421}.Release|x86.ActiveCfg = Release|Any CPU
		{52DC0858-F415-4FE7-AEA5-1E60652DB421}.Release|x86.Build.0 = Release|Any CPU
		{9BC79C49-4F39-409F-A3D4-F1DABB8122B4}.Debug|Any CPU.ActiveCfg = Debug|Any CPU
		{9BC79C49-4F39-409F-A3D4-F1DABB8122B4}.Debug|Any CPU.Build.0 = Debug|Any CPU
		{9BC79C49-4F39-409F-A3D4-F1DABB8122B4}.Debug|x86.ActiveCfg = Debug|Any CPU
		{9BC79C49-4F39-409F-A3D4-F1DABB8122B4}.Debug|x86.Build.0 = Debug|Any CPU
		{9BC79C49-4F39-409F-A3D4-F1DABB8122B4}.DebugLocal|Any CPU.ActiveCfg = Debug|Any CPU
		{9BC79C49-4F39-409F-A3D4-F1DABB8122B4}.DebugLocal|Any CPU.Build.0 = Debug|Any CPU
		{9BC79C49-4F39-409F-A3D4-F1DABB8122B4}.DebugLocal|x86.ActiveCfg = Debug|Any CPU
		{9BC79C49-4F39-409F-A3D4-F1DABB8122B4}.DebugLocal|x86.Build.0 = Debug|Any CPU
		{9BC79C49-4F39-409F-A3D4-F1DABB8122B4}.Jenkins|Any CPU.ActiveCfg = Jenkins|Any CPU
		{9BC79C49-4F39-409F-A3D4-F1DABB8122B4}.Jenkins|Any CPU.Build.0 = Jenkins|Any CPU
		{9BC79C49-4F39-409F-A3D4-F1DABB8122B4}.Jenkins|x86.ActiveCfg = Jenkins|Any CPU
		{9BC79C49-4F39-409F-A3D4-F1DABB8122B4}.Jenkins|x86.Build.0 = Jenkins|Any CPU
		{9BC79C49-4F39-409F-A3D4-F1DABB8122B4}.Release|Any CPU.ActiveCfg = Release|Any CPU
		{9BC79C49-4F39-409F-A3D4-F1DABB8122B4}.Release|Any CPU.Build.0 = Release|Any CPU
		{9BC79C49-4F39-409F-A3D4-F1DABB8122B4}.Release|x86.ActiveCfg = Release|Any CPU
		{9BC79C49-4F39-409F-A3D4-F1DABB8122B4}.Release|x86.Build.0 = Release|Any CPU
		{C26344C6-9829-4673-940A-A3F44CFA945C}.Debug|Any CPU.ActiveCfg = Debug|Any CPU
		{C26344C6-9829-4673-940A-A3F44CFA945C}.Debug|Any CPU.Build.0 = Debug|Any CPU
		{C26344C6-9829-4673-940A-A3F44CFA945C}.Debug|x86.ActiveCfg = Debug|Any CPU
		{C26344C6-9829-4673-940A-A3F44CFA945C}.Debug|x86.Build.0 = Debug|Any CPU
		{C26344C6-9829-4673-940A-A3F44CFA945C}.DebugLocal|Any CPU.ActiveCfg = Debug|Any CPU
		{C26344C6-9829-4673-940A-A3F44CFA945C}.DebugLocal|Any CPU.Build.0 = Debug|Any CPU
		{C26344C6-9829-4673-940A-A3F44CFA945C}.DebugLocal|x86.ActiveCfg = Debug|Any CPU
		{C26344C6-9829-4673-940A-A3F44CFA945C}.DebugLocal|x86.Build.0 = Debug|Any CPU
		{C26344C6-9829-4673-940A-A3F44CFA945C}.Jenkins|Any CPU.ActiveCfg = Jenkins|Any CPU
		{C26344C6-9829-4673-940A-A3F44CFA945C}.Jenkins|Any CPU.Build.0 = Jenkins|Any CPU
		{C26344C6-9829-4673-940A-A3F44CFA945C}.Jenkins|x86.ActiveCfg = Jenkins|Any CPU
		{C26344C6-9829-4673-940A-A3F44CFA945C}.Jenkins|x86.Build.0 = Jenkins|Any CPU
		{C26344C6-9829-4673-940A-A3F44CFA945C}.Release|Any CPU.ActiveCfg = Release|Any CPU
		{C26344C6-9829-4673-940A-A3F44CFA945C}.Release|Any CPU.Build.0 = Release|Any CPU
		{C26344C6-9829-4673-940A-A3F44CFA945C}.Release|x86.ActiveCfg = Release|Any CPU
		{C26344C6-9829-4673-940A-A3F44CFA945C}.Release|x86.Build.0 = Release|Any CPU
		{98EC024C-6439-44B1-8B1E-29E457B2201F}.Debug|Any CPU.ActiveCfg = Debug|Any CPU
		{98EC024C-6439-44B1-8B1E-29E457B2201F}.Debug|Any CPU.Build.0 = Debug|Any CPU
		{98EC024C-6439-44B1-8B1E-29E457B2201F}.Debug|x86.ActiveCfg = Debug|Any CPU
		{98EC024C-6439-44B1-8B1E-29E457B2201F}.Debug|x86.Build.0 = Debug|Any CPU
		{98EC024C-6439-44B1-8B1E-29E457B2201F}.DebugLocal|Any CPU.ActiveCfg = Debug|Any CPU
		{98EC024C-6439-44B1-8B1E-29E457B2201F}.DebugLocal|Any CPU.Build.0 = Debug|Any CPU
		{98EC024C-6439-44B1-8B1E-29E457B2201F}.DebugLocal|x86.ActiveCfg = Debug|Any CPU
		{98EC024C-6439-44B1-8B1E-29E457B2201F}.DebugLocal|x86.Build.0 = Debug|Any CPU
		{98EC024C-6439-44B1-8B1E-29E457B2201F}.Jenkins|Any CPU.ActiveCfg = Jenkins|Any CPU
		{98EC024C-6439-44B1-8B1E-29E457B2201F}.Jenkins|Any CPU.Build.0 = Jenkins|Any CPU
		{98EC024C-6439-44B1-8B1E-29E457B2201F}.Jenkins|x86.ActiveCfg = Jenkins|Any CPU
		{98EC024C-6439-44B1-8B1E-29E457B2201F}.Jenkins|x86.Build.0 = Jenkins|Any CPU
		{98EC024C-6439-44B1-8B1E-29E457B2201F}.Release|Any CPU.ActiveCfg = Release|Any CPU
		{98EC024C-6439-44B1-8B1E-29E457B2201F}.Release|Any CPU.Build.0 = Release|Any CPU
		{98EC024C-6439-44B1-8B1E-29E457B2201F}.Release|x86.ActiveCfg = Release|Any CPU
		{98EC024C-6439-44B1-8B1E-29E457B2201F}.Release|x86.Build.0 = Release|Any CPU
		{943BA0EE-4E1D-4862-B7FD-2184EC4721D1}.Debug|Any CPU.ActiveCfg = Debug|Any CPU
		{943BA0EE-4E1D-4862-B7FD-2184EC4721D1}.Debug|Any CPU.Build.0 = Debug|Any CPU
		{943BA0EE-4E1D-4862-B7FD-2184EC4721D1}.Debug|x86.ActiveCfg = Debug|Any CPU
		{943BA0EE-4E1D-4862-B7FD-2184EC4721D1}.Debug|x86.Build.0 = Debug|Any CPU
		{943BA0EE-4E1D-4862-B7FD-2184EC4721D1}.DebugLocal|Any CPU.ActiveCfg = Debug|Any CPU
		{943BA0EE-4E1D-4862-B7FD-2184EC4721D1}.DebugLocal|Any CPU.Build.0 = Debug|Any CPU
		{943BA0EE-4E1D-4862-B7FD-2184EC4721D1}.DebugLocal|x86.ActiveCfg = Debug|Any CPU
		{943BA0EE-4E1D-4862-B7FD-2184EC4721D1}.DebugLocal|x86.Build.0 = Debug|Any CPU
		{943BA0EE-4E1D-4862-B7FD-2184EC4721D1}.Jenkins|Any CPU.ActiveCfg = Jenkins|Any CPU
		{943BA0EE-4E1D-4862-B7FD-2184EC4721D1}.Jenkins|Any CPU.Build.0 = Jenkins|Any CPU
		{943BA0EE-4E1D-4862-B7FD-2184EC4721D1}.Jenkins|x86.ActiveCfg = Jenkins|Any CPU
		{943BA0EE-4E1D-4862-B7FD-2184EC4721D1}.Jenkins|x86.Build.0 = Jenkins|Any CPU
		{943BA0EE-4E1D-4862-B7FD-2184EC4721D1}.Release|Any CPU.ActiveCfg = Release|Any CPU
		{943BA0EE-4E1D-4862-B7FD-2184EC4721D1}.Release|Any CPU.Build.0 = Release|Any CPU
		{943BA0EE-4E1D-4862-B7FD-2184EC4721D1}.Release|x86.ActiveCfg = Release|Any CPU
		{943BA0EE-4E1D-4862-B7FD-2184EC4721D1}.Release|x86.Build.0 = Release|Any CPU
		{FA51B713-73F4-40C3-ACA3-8F2210400E08}.Debug|Any CPU.ActiveCfg = Debug|Any CPU
		{FA51B713-73F4-40C3-ACA3-8F2210400E08}.Debug|Any CPU.Build.0 = Debug|Any CPU
		{FA51B713-73F4-40C3-ACA3-8F2210400E08}.Debug|x86.ActiveCfg = Debug|Any CPU
		{FA51B713-73F4-40C3-ACA3-8F2210400E08}.Debug|x86.Build.0 = Debug|Any CPU
		{FA51B713-73F4-40C3-ACA3-8F2210400E08}.DebugLocal|Any CPU.ActiveCfg = Debug|Any CPU
		{FA51B713-73F4-40C3-ACA3-8F2210400E08}.DebugLocal|Any CPU.Build.0 = Debug|Any CPU
		{FA51B713-73F4-40C3-ACA3-8F2210400E08}.DebugLocal|x86.ActiveCfg = Debug|Any CPU
		{FA51B713-73F4-40C3-ACA3-8F2210400E08}.DebugLocal|x86.Build.0 = Debug|Any CPU
		{FA51B713-73F4-40C3-ACA3-8F2210400E08}.Jenkins|Any CPU.ActiveCfg = Jenkins|Any CPU
		{FA51B713-73F4-40C3-ACA3-8F2210400E08}.Jenkins|Any CPU.Build.0 = Jenkins|Any CPU
		{FA51B713-73F4-40C3-ACA3-8F2210400E08}.Jenkins|x86.ActiveCfg = Jenkins|Any CPU
		{FA51B713-73F4-40C3-ACA3-8F2210400E08}.Jenkins|x86.Build.0 = Jenkins|Any CPU
		{FA51B713-73F4-40C3-ACA3-8F2210400E08}.Release|Any CPU.ActiveCfg = Release|Any CPU
		{FA51B713-73F4-40C3-ACA3-8F2210400E08}.Release|Any CPU.Build.0 = Release|Any CPU
		{FA51B713-73F4-40C3-ACA3-8F2210400E08}.Release|x86.ActiveCfg = Release|Any CPU
		{FA51B713-73F4-40C3-ACA3-8F2210400E08}.Release|x86.Build.0 = Release|Any CPU
		{B963F3BC-9A5B-4D74-BC64-5EF150469D12}.Debug|Any CPU.ActiveCfg = Debug|Any CPU
		{B963F3BC-9A5B-4D74-BC64-5EF150469D12}.Debug|Any CPU.Build.0 = Debug|Any CPU
		{B963F3BC-9A5B-4D74-BC64-5EF150469D12}.Debug|x86.ActiveCfg = Debug|Any CPU
		{B963F3BC-9A5B-4D74-BC64-5EF150469D12}.Debug|x86.Build.0 = Debug|Any CPU
		{B963F3BC-9A5B-4D74-BC64-5EF150469D12}.DebugLocal|Any CPU.ActiveCfg = Debug|Any CPU
		{B963F3BC-9A5B-4D74-BC64-5EF150469D12}.DebugLocal|Any CPU.Build.0 = Debug|Any CPU
		{B963F3BC-9A5B-4D74-BC64-5EF150469D12}.DebugLocal|x86.ActiveCfg = Debug|Any CPU
		{B963F3BC-9A5B-4D74-BC64-5EF150469D12}.DebugLocal|x86.Build.0 = Debug|Any CPU
		{B963F3BC-9A5B-4D74-BC64-5EF150469D12}.Jenkins|Any CPU.ActiveCfg = Jenkins|Any CPU
		{B963F3BC-9A5B-4D74-BC64-5EF150469D12}.Jenkins|Any CPU.Build.0 = Jenkins|Any CPU
		{B963F3BC-9A5B-4D74-BC64-5EF150469D12}.Jenkins|x86.ActiveCfg = Jenkins|Any CPU
		{B963F3BC-9A5B-4D74-BC64-5EF150469D12}.Jenkins|x86.Build.0 = Jenkins|Any CPU
		{B963F3BC-9A5B-4D74-BC64-5EF150469D12}.Release|Any CPU.ActiveCfg = Release|Any CPU
		{B963F3BC-9A5B-4D74-BC64-5EF150469D12}.Release|Any CPU.Build.0 = Release|Any CPU
		{B963F3BC-9A5B-4D74-BC64-5EF150469D12}.Release|x86.ActiveCfg = Release|Any CPU
		{B963F3BC-9A5B-4D74-BC64-5EF150469D12}.Release|x86.Build.0 = Release|Any CPU
		{15B3E0D2-6217-493A-A690-158C497F5318}.Debug|Any CPU.ActiveCfg = Debug|Any CPU
		{15B3E0D2-6217-493A-A690-158C497F5318}.Debug|Any CPU.Build.0 = Debug|Any CPU
		{15B3E0D2-6217-493A-A690-158C497F5318}.Debug|x86.ActiveCfg = Debug|Any CPU
		{15B3E0D2-6217-493A-A690-158C497F5318}.Debug|x86.Build.0 = Debug|Any CPU
		{15B3E0D2-6217-493A-A690-158C497F5318}.DebugLocal|Any CPU.ActiveCfg = Debug|Any CPU
		{15B3E0D2-6217-493A-A690-158C497F5318}.DebugLocal|Any CPU.Build.0 = Debug|Any CPU
		{15B3E0D2-6217-493A-A690-158C497F5318}.DebugLocal|x86.ActiveCfg = Debug|Any CPU
		{15B3E0D2-6217-493A-A690-158C497F5318}.DebugLocal|x86.Build.0 = Debug|Any CPU
		{15B3E0D2-6217-493A-A690-158C497F5318}.Jenkins|Any CPU.ActiveCfg = Jenkins|Any CPU
		{15B3E0D2-6217-493A-A690-158C497F5318}.Jenkins|Any CPU.Build.0 = Jenkins|Any CPU
		{15B3E0D2-6217-493A-A690-158C497F5318}.Jenkins|x86.ActiveCfg = Jenkins|Any CPU
		{15B3E0D2-6217-493A-A690-158C497F5318}.Jenkins|x86.Build.0 = Jenkins|Any CPU
		{15B3E0D2-6217-493A-A690-158C497F5318}.Release|Any CPU.ActiveCfg = Release|Any CPU
		{15B3E0D2-6217-493A-A690-158C497F5318}.Release|Any CPU.Build.0 = Release|Any CPU
		{15B3E0D2-6217-493A-A690-158C497F5318}.Release|x86.ActiveCfg = Release|Any CPU
		{15B3E0D2-6217-493A-A690-158C497F5318}.Release|x86.Build.0 = Release|Any CPU
		{91E03407-CB15-4B78-9BB5-93066F4D9DF6}.Debug|Any CPU.ActiveCfg = Debug|Any CPU
		{91E03407-CB15-4B78-9BB5-93066F4D9DF6}.Debug|Any CPU.Build.0 = Debug|Any CPU
		{91E03407-CB15-4B78-9BB5-93066F4D9DF6}.Debug|x86.ActiveCfg = Debug|Any CPU
		{91E03407-CB15-4B78-9BB5-93066F4D9DF6}.Debug|x86.Build.0 = Debug|Any CPU
		{91E03407-CB15-4B78-9BB5-93066F4D9DF6}.DebugLocal|Any CPU.ActiveCfg = Debug|Any CPU
		{91E03407-CB15-4B78-9BB5-93066F4D9DF6}.DebugLocal|Any CPU.Build.0 = Debug|Any CPU
		{91E03407-CB15-4B78-9BB5-93066F4D9DF6}.DebugLocal|x86.ActiveCfg = Debug|Any CPU
		{91E03407-CB15-4B78-9BB5-93066F4D9DF6}.DebugLocal|x86.Build.0 = Debug|Any CPU
		{91E03407-CB15-4B78-9BB5-93066F4D9DF6}.Jenkins|Any CPU.ActiveCfg = Jenkins|Any CPU
		{91E03407-CB15-4B78-9BB5-93066F4D9DF6}.Jenkins|Any CPU.Build.0 = Jenkins|Any CPU
		{91E03407-CB15-4B78-9BB5-93066F4D9DF6}.Jenkins|x86.ActiveCfg = Jenkins|Any CPU
		{91E03407-CB15-4B78-9BB5-93066F4D9DF6}.Jenkins|x86.Build.0 = Jenkins|Any CPU
		{91E03407-CB15-4B78-9BB5-93066F4D9DF6}.Release|Any CPU.ActiveCfg = Release|Any CPU
		{91E03407-CB15-4B78-9BB5-93066F4D9DF6}.Release|Any CPU.Build.0 = Release|Any CPU
		{91E03407-CB15-4B78-9BB5-93066F4D9DF6}.Release|x86.ActiveCfg = Release|Any CPU
		{91E03407-CB15-4B78-9BB5-93066F4D9DF6}.Release|x86.Build.0 = Release|Any CPU
		{35076AD8-47E4-455E-B5B2-F4104D28BB72}.Debug|Any CPU.ActiveCfg = Debug|Any CPU
		{35076AD8-47E4-455E-B5B2-F4104D28BB72}.Debug|Any CPU.Build.0 = Debug|Any CPU
		{35076AD8-47E4-455E-B5B2-F4104D28BB72}.Debug|x86.ActiveCfg = Debug|Any CPU
		{35076AD8-47E4-455E-B5B2-F4104D28BB72}.Debug|x86.Build.0 = Debug|Any CPU
		{35076AD8-47E4-455E-B5B2-F4104D28BB72}.DebugLocal|Any CPU.ActiveCfg = Debug|Any CPU
		{35076AD8-47E4-455E-B5B2-F4104D28BB72}.DebugLocal|Any CPU.Build.0 = Debug|Any CPU
		{35076AD8-47E4-455E-B5B2-F4104D28BB72}.DebugLocal|x86.ActiveCfg = Debug|Any CPU
		{35076AD8-47E4-455E-B5B2-F4104D28BB72}.DebugLocal|x86.Build.0 = Debug|Any CPU
		{35076AD8-47E4-455E-B5B2-F4104D28BB72}.Jenkins|Any CPU.ActiveCfg = Release|Any CPU
		{35076AD8-47E4-455E-B5B2-F4104D28BB72}.Jenkins|Any CPU.Build.0 = Release|Any CPU
		{35076AD8-47E4-455E-B5B2-F4104D28BB72}.Jenkins|x86.ActiveCfg = Release|Any CPU
		{35076AD8-47E4-455E-B5B2-F4104D28BB72}.Jenkins|x86.Build.0 = Release|Any CPU
		{35076AD8-47E4-455E-B5B2-F4104D28BB72}.Release|Any CPU.ActiveCfg = Release|Any CPU
		{35076AD8-47E4-455E-B5B2-F4104D28BB72}.Release|Any CPU.Build.0 = Release|Any CPU
		{35076AD8-47E4-455E-B5B2-F4104D28BB72}.Release|x86.ActiveCfg = Release|Any CPU
		{35076AD8-47E4-455E-B5B2-F4104D28BB72}.Release|x86.Build.0 = Release|Any CPU
		{4C4B9149-A86A-4C7C-A4CB-90FFE40E734D}.Debug|Any CPU.ActiveCfg = Debug|Any CPU
		{4C4B9149-A86A-4C7C-A4CB-90FFE40E734D}.Debug|Any CPU.Build.0 = Debug|Any CPU
		{4C4B9149-A86A-4C7C-A4CB-90FFE40E734D}.Debug|x86.ActiveCfg = Debug|Any CPU
		{4C4B9149-A86A-4C7C-A4CB-90FFE40E734D}.Debug|x86.Build.0 = Debug|Any CPU
		{4C4B9149-A86A-4C7C-A4CB-90FFE40E734D}.DebugLocal|Any CPU.ActiveCfg = Debug|Any CPU
		{4C4B9149-A86A-4C7C-A4CB-90FFE40E734D}.DebugLocal|Any CPU.Build.0 = Debug|Any CPU
		{4C4B9149-A86A-4C7C-A4CB-90FFE40E734D}.DebugLocal|x86.ActiveCfg = Debug|Any CPU
		{4C4B9149-A86A-4C7C-A4CB-90FFE40E734D}.DebugLocal|x86.Build.0 = Debug|Any CPU
		{4C4B9149-A86A-4C7C-A4CB-90FFE40E734D}.Jenkins|Any CPU.ActiveCfg = Jenkins|Any CPU
		{4C4B9149-A86A-4C7C-A4CB-90FFE40E734D}.Jenkins|Any CPU.Build.0 = Jenkins|Any CPU
		{4C4B9149-A86A-4C7C-A4CB-90FFE40E734D}.Jenkins|x86.ActiveCfg = Jenkins|Any CPU
		{4C4B9149-A86A-4C7C-A4CB-90FFE40E734D}.Jenkins|x86.Build.0 = Jenkins|Any CPU
		{4C4B9149-A86A-4C7C-A4CB-90FFE40E734D}.Release|Any CPU.ActiveCfg = Release|Any CPU
		{4C4B9149-A86A-4C7C-A4CB-90FFE40E734D}.Release|Any CPU.Build.0 = Release|Any CPU
		{4C4B9149-A86A-4C7C-A4CB-90FFE40E734D}.Release|x86.ActiveCfg = Release|Any CPU
		{4C4B9149-A86A-4C7C-A4CB-90FFE40E734D}.Release|x86.Build.0 = Release|Any CPU
		{8E2C1119-037D-4A06-9BF3-0DAD1682EC67}.Debug|Any CPU.ActiveCfg = Debug|Any CPU
		{8E2C1119-037D-4A06-9BF3-0DAD1682EC67}.Debug|Any CPU.Build.0 = Debug|Any CPU
		{8E2C1119-037D-4A06-9BF3-0DAD1682EC67}.Debug|x86.ActiveCfg = Debug|Any CPU
		{8E2C1119-037D-4A06-9BF3-0DAD1682EC67}.Debug|x86.Build.0 = Debug|Any CPU
		{8E2C1119-037D-4A06-9BF3-0DAD1682EC67}.DebugLocal|Any CPU.ActiveCfg = Debug|Any CPU
		{8E2C1119-037D-4A06-9BF3-0DAD1682EC67}.DebugLocal|Any CPU.Build.0 = Debug|Any CPU
		{8E2C1119-037D-4A06-9BF3-0DAD1682EC67}.DebugLocal|x86.ActiveCfg = Debug|Any CPU
		{8E2C1119-037D-4A06-9BF3-0DAD1682EC67}.DebugLocal|x86.Build.0 = Debug|Any CPU
		{8E2C1119-037D-4A06-9BF3-0DAD1682EC67}.Jenkins|Any CPU.ActiveCfg = Jenkins|Any CPU
		{8E2C1119-037D-4A06-9BF3-0DAD1682EC67}.Jenkins|Any CPU.Build.0 = Jenkins|Any CPU
		{8E2C1119-037D-4A06-9BF3-0DAD1682EC67}.Jenkins|x86.ActiveCfg = Jenkins|Any CPU
		{8E2C1119-037D-4A06-9BF3-0DAD1682EC67}.Jenkins|x86.Build.0 = Jenkins|Any CPU
		{8E2C1119-037D-4A06-9BF3-0DAD1682EC67}.Release|Any CPU.ActiveCfg = Release|Any CPU
		{8E2C1119-037D-4A06-9BF3-0DAD1682EC67}.Release|Any CPU.Build.0 = Release|Any CPU
		{8E2C1119-037D-4A06-9BF3-0DAD1682EC67}.Release|x86.ActiveCfg = Release|Any CPU
		{8E2C1119-037D-4A06-9BF3-0DAD1682EC67}.Release|x86.Build.0 = Release|Any CPU
		{F6B0C511-8ED4-4B68-B7EB-93191FF692F9}.Debug|Any CPU.ActiveCfg = Debug|Any CPU
		{F6B0C511-8ED4-4B68-B7EB-93191FF692F9}.Debug|Any CPU.Build.0 = Debug|Any CPU
		{F6B0C511-8ED4-4B68-B7EB-93191FF692F9}.Debug|x86.ActiveCfg = Debug|Any CPU
		{F6B0C511-8ED4-4B68-B7EB-93191FF692F9}.Debug|x86.Build.0 = Debug|Any CPU
		{F6B0C511-8ED4-4B68-B7EB-93191FF692F9}.DebugLocal|Any CPU.ActiveCfg = Debug|Any CPU
		{F6B0C511-8ED4-4B68-B7EB-93191FF692F9}.DebugLocal|Any CPU.Build.0 = Debug|Any CPU
		{F6B0C511-8ED4-4B68-B7EB-93191FF692F9}.DebugLocal|x86.ActiveCfg = Debug|Any CPU
		{F6B0C511-8ED4-4B68-B7EB-93191FF692F9}.DebugLocal|x86.Build.0 = Debug|Any CPU
		{F6B0C511-8ED4-4B68-B7EB-93191FF692F9}.Jenkins|Any CPU.ActiveCfg = Jenkins|Any CPU
		{F6B0C511-8ED4-4B68-B7EB-93191FF692F9}.Jenkins|Any CPU.Build.0 = Jenkins|Any CPU
		{F6B0C511-8ED4-4B68-B7EB-93191FF692F9}.Jenkins|x86.ActiveCfg = Release|Any CPU
		{F6B0C511-8ED4-4B68-B7EB-93191FF692F9}.Jenkins|x86.Build.0 = Release|Any CPU
		{F6B0C511-8ED4-4B68-B7EB-93191FF692F9}.Release|Any CPU.ActiveCfg = Release|Any CPU
		{F6B0C511-8ED4-4B68-B7EB-93191FF692F9}.Release|Any CPU.Build.0 = Release|Any CPU
		{F6B0C511-8ED4-4B68-B7EB-93191FF692F9}.Release|x86.ActiveCfg = Release|Any CPU
		{F6B0C511-8ED4-4B68-B7EB-93191FF692F9}.Release|x86.Build.0 = Release|Any CPU
		{9DA7F3C2-915E-4AF2-9CBE-CE7E892A4A6F}.Debug|Any CPU.ActiveCfg = Debug|Any CPU
		{9DA7F3C2-915E-4AF2-9CBE-CE7E892A4A6F}.Debug|Any CPU.Build.0 = Debug|Any CPU
		{9DA7F3C2-915E-4AF2-9CBE-CE7E892A4A6F}.Debug|x86.ActiveCfg = Debug|Any CPU
		{9DA7F3C2-915E-4AF2-9CBE-CE7E892A4A6F}.Debug|x86.Build.0 = Debug|Any CPU
		{9DA7F3C2-915E-4AF2-9CBE-CE7E892A4A6F}.DebugLocal|Any CPU.ActiveCfg = Debug|Any CPU
		{9DA7F3C2-915E-4AF2-9CBE-CE7E892A4A6F}.DebugLocal|Any CPU.Build.0 = Debug|Any CPU
		{9DA7F3C2-915E-4AF2-9CBE-CE7E892A4A6F}.DebugLocal|x86.ActiveCfg = Debug|Any CPU
		{9DA7F3C2-915E-4AF2-9CBE-CE7E892A4A6F}.DebugLocal|x86.Build.0 = Debug|Any CPU
		{9DA7F3C2-915E-4AF2-9CBE-CE7E892A4A6F}.Jenkins|Any CPU.ActiveCfg = Jenkins|Any CPU
		{9DA7F3C2-915E-4AF2-9CBE-CE7E892A4A6F}.Jenkins|Any CPU.Build.0 = Jenkins|Any CPU
		{9DA7F3C2-915E-4AF2-9CBE-CE7E892A4A6F}.Jenkins|x86.ActiveCfg = Release|Any CPU
		{9DA7F3C2-915E-4AF2-9CBE-CE7E892A4A6F}.Jenkins|x86.Build.0 = Release|Any CPU
		{9DA7F3C2-915E-4AF2-9CBE-CE7E892A4A6F}.Release|Any CPU.ActiveCfg = Release|Any CPU
		{9DA7F3C2-915E-4AF2-9CBE-CE7E892A4A6F}.Release|Any CPU.Build.0 = Release|Any CPU
		{9DA7F3C2-915E-4AF2-9CBE-CE7E892A4A6F}.Release|x86.ActiveCfg = Release|Any CPU
		{9DA7F3C2-915E-4AF2-9CBE-CE7E892A4A6F}.Release|x86.Build.0 = Release|Any CPU
		{9753917F-2EE3-4072-BD7E-C4F677EFAABB}.Debug|Any CPU.ActiveCfg = Debug|Any CPU
		{9753917F-2EE3-4072-BD7E-C4F677EFAABB}.Debug|Any CPU.Build.0 = Debug|Any CPU
		{9753917F-2EE3-4072-BD7E-C4F677EFAABB}.Debug|x86.ActiveCfg = Debug|Any CPU
		{9753917F-2EE3-4072-BD7E-C4F677EFAABB}.Debug|x86.Build.0 = Debug|Any CPU
		{9753917F-2EE3-4072-BD7E-C4F677EFAABB}.DebugLocal|Any CPU.ActiveCfg = Debug|Any CPU
		{9753917F-2EE3-4072-BD7E-C4F677EFAABB}.DebugLocal|Any CPU.Build.0 = Debug|Any CPU
		{9753917F-2EE3-4072-BD7E-C4F677EFAABB}.DebugLocal|x86.ActiveCfg = Debug|Any CPU
		{9753917F-2EE3-4072-BD7E-C4F677EFAABB}.DebugLocal|x86.Build.0 = Debug|Any CPU
		{9753917F-2EE3-4072-BD7E-C4F677EFAABB}.Jenkins|Any CPU.ActiveCfg = Jenkins|Any CPU
		{9753917F-2EE3-4072-BD7E-C4F677EFAABB}.Jenkins|Any CPU.Build.0 = Jenkins|Any CPU
		{9753917F-2EE3-4072-BD7E-C4F677EFAABB}.Jenkins|x86.ActiveCfg = Debug|Any CPU
		{9753917F-2EE3-4072-BD7E-C4F677EFAABB}.Jenkins|x86.Build.0 = Debug|Any CPU
		{9753917F-2EE3-4072-BD7E-C4F677EFAABB}.Release|Any CPU.ActiveCfg = Release|Any CPU
		{9753917F-2EE3-4072-BD7E-C4F677EFAABB}.Release|Any CPU.Build.0 = Release|Any CPU
		{9753917F-2EE3-4072-BD7E-C4F677EFAABB}.Release|x86.ActiveCfg = Release|Any CPU
		{9753917F-2EE3-4072-BD7E-C4F677EFAABB}.Release|x86.Build.0 = Release|Any CPU
		{A089B73C-69EC-4698-A2E2-DAF208AB5EAC}.Debug|Any CPU.ActiveCfg = Debug|Any CPU
		{A089B73C-69EC-4698-A2E2-DAF208AB5EAC}.Debug|Any CPU.Build.0 = Debug|Any CPU
		{A089B73C-69EC-4698-A2E2-DAF208AB5EAC}.Debug|x86.ActiveCfg = Debug|Any CPU
		{A089B73C-69EC-4698-A2E2-DAF208AB5EAC}.Debug|x86.Build.0 = Debug|Any CPU
		{A089B73C-69EC-4698-A2E2-DAF208AB5EAC}.DebugLocal|Any CPU.ActiveCfg = Debug|Any CPU
		{A089B73C-69EC-4698-A2E2-DAF208AB5EAC}.DebugLocal|Any CPU.Build.0 = Debug|Any CPU
		{A089B73C-69EC-4698-A2E2-DAF208AB5EAC}.DebugLocal|x86.ActiveCfg = Debug|Any CPU
		{A089B73C-69EC-4698-A2E2-DAF208AB5EAC}.DebugLocal|x86.Build.0 = Debug|Any CPU
		{A089B73C-69EC-4698-A2E2-DAF208AB5EAC}.Jenkins|Any CPU.ActiveCfg = Jenkins|Any CPU
		{A089B73C-69EC-4698-A2E2-DAF208AB5EAC}.Jenkins|Any CPU.Build.0 = Jenkins|Any CPU
		{A089B73C-69EC-4698-A2E2-DAF208AB5EAC}.Jenkins|x86.ActiveCfg = Jenkins|Any CPU
		{A089B73C-69EC-4698-A2E2-DAF208AB5EAC}.Jenkins|x86.Build.0 = Jenkins|Any CPU
		{A089B73C-69EC-4698-A2E2-DAF208AB5EAC}.Release|Any CPU.ActiveCfg = Release|Any CPU
		{A089B73C-69EC-4698-A2E2-DAF208AB5EAC}.Release|Any CPU.Build.0 = Release|Any CPU
		{A089B73C-69EC-4698-A2E2-DAF208AB5EAC}.Release|x86.ActiveCfg = Release|Any CPU
		{A089B73C-69EC-4698-A2E2-DAF208AB5EAC}.Release|x86.Build.0 = Release|Any CPU
		{6461D8F2-94BA-4F4D-8312-26890DF036BC}.Debug|Any CPU.ActiveCfg = Debug|Any CPU
		{6461D8F2-94BA-4F4D-8312-26890DF036BC}.Debug|Any CPU.Build.0 = Debug|Any CPU
		{6461D8F2-94BA-4F4D-8312-26890DF036BC}.Debug|x86.ActiveCfg = Debug|Any CPU
		{6461D8F2-94BA-4F4D-8312-26890DF036BC}.Debug|x86.Build.0 = Debug|Any CPU
		{6461D8F2-94BA-4F4D-8312-26890DF036BC}.DebugLocal|Any CPU.ActiveCfg = Debug|Any CPU
		{6461D8F2-94BA-4F4D-8312-26890DF036BC}.DebugLocal|Any CPU.Build.0 = Debug|Any CPU
		{6461D8F2-94BA-4F4D-8312-26890DF036BC}.DebugLocal|x86.ActiveCfg = Debug|Any CPU
		{6461D8F2-94BA-4F4D-8312-26890DF036BC}.DebugLocal|x86.Build.0 = Debug|Any CPU
		{6461D8F2-94BA-4F4D-8312-26890DF036BC}.Jenkins|Any CPU.ActiveCfg = Debug|Any CPU
		{6461D8F2-94BA-4F4D-8312-26890DF036BC}.Jenkins|Any CPU.Build.0 = Debug|Any CPU
		{6461D8F2-94BA-4F4D-8312-26890DF036BC}.Jenkins|x86.ActiveCfg = Debug|Any CPU
		{6461D8F2-94BA-4F4D-8312-26890DF036BC}.Jenkins|x86.Build.0 = Debug|Any CPU
		{6461D8F2-94BA-4F4D-8312-26890DF036BC}.Release|Any CPU.ActiveCfg = Release|Any CPU
		{6461D8F2-94BA-4F4D-8312-26890DF036BC}.Release|Any CPU.Build.0 = Release|Any CPU
		{6461D8F2-94BA-4F4D-8312-26890DF036BC}.Release|x86.ActiveCfg = Release|Any CPU
		{6461D8F2-94BA-4F4D-8312-26890DF036BC}.Release|x86.Build.0 = Release|Any CPU
		{F26B931A-C91B-45E3-ADFD-3C33A38DFA32}.Debug|Any CPU.ActiveCfg = Debug|Any CPU
		{F26B931A-C91B-45E3-ADFD-3C33A38DFA32}.Debug|Any CPU.Build.0 = Debug|Any CPU
		{F26B931A-C91B-45E3-ADFD-3C33A38DFA32}.Debug|x86.ActiveCfg = Debug|Any CPU
		{F26B931A-C91B-45E3-ADFD-3C33A38DFA32}.Debug|x86.Build.0 = Debug|Any CPU
		{F26B931A-C91B-45E3-ADFD-3C33A38DFA32}.DebugLocal|Any CPU.ActiveCfg = Debug|Any CPU
		{F26B931A-C91B-45E3-ADFD-3C33A38DFA32}.DebugLocal|Any CPU.Build.0 = Debug|Any CPU
		{F26B931A-C91B-45E3-ADFD-3C33A38DFA32}.DebugLocal|x86.ActiveCfg = Debug|Any CPU
		{F26B931A-C91B-45E3-ADFD-3C33A38DFA32}.DebugLocal|x86.Build.0 = Debug|Any CPU
		{F26B931A-C91B-45E3-ADFD-3C33A38DFA32}.Jenkins|Any CPU.ActiveCfg = Debug|Any CPU
		{F26B931A-C91B-45E3-ADFD-3C33A38DFA32}.Jenkins|Any CPU.Build.0 = Debug|Any CPU
		{F26B931A-C91B-45E3-ADFD-3C33A38DFA32}.Jenkins|x86.ActiveCfg = Debug|Any CPU
		{F26B931A-C91B-45E3-ADFD-3C33A38DFA32}.Jenkins|x86.Build.0 = Debug|Any CPU
		{F26B931A-C91B-45E3-ADFD-3C33A38DFA32}.Release|Any CPU.ActiveCfg = Release|Any CPU
		{F26B931A-C91B-45E3-ADFD-3C33A38DFA32}.Release|Any CPU.Build.0 = Release|Any CPU
		{F26B931A-C91B-45E3-ADFD-3C33A38DFA32}.Release|x86.ActiveCfg = Release|Any CPU
		{F26B931A-C91B-45E3-ADFD-3C33A38DFA32}.Release|x86.Build.0 = Release|Any CPU
		{A92B0022-1A22-4B71-B17A-4A04982671B1}.Debug|Any CPU.ActiveCfg = Debug|Any CPU
		{A92B0022-1A22-4B71-B17A-4A04982671B1}.Debug|Any CPU.Build.0 = Debug|Any CPU
		{A92B0022-1A22-4B71-B17A-4A04982671B1}.Debug|x86.ActiveCfg = Debug|Any CPU
		{A92B0022-1A22-4B71-B17A-4A04982671B1}.Debug|x86.Build.0 = Debug|Any CPU
		{A92B0022-1A22-4B71-B17A-4A04982671B1}.DebugLocal|Any CPU.ActiveCfg = Debug|Any CPU
		{A92B0022-1A22-4B71-B17A-4A04982671B1}.DebugLocal|Any CPU.Build.0 = Debug|Any CPU
		{A92B0022-1A22-4B71-B17A-4A04982671B1}.DebugLocal|x86.ActiveCfg = Debug|Any CPU
		{A92B0022-1A22-4B71-B17A-4A04982671B1}.DebugLocal|x86.Build.0 = Debug|Any CPU
		{A92B0022-1A22-4B71-B17A-4A04982671B1}.Jenkins|Any CPU.ActiveCfg = Debug|Any CPU
		{A92B0022-1A22-4B71-B17A-4A04982671B1}.Jenkins|Any CPU.Build.0 = Debug|Any CPU
		{A92B0022-1A22-4B71-B17A-4A04982671B1}.Jenkins|x86.ActiveCfg = Debug|Any CPU
		{A92B0022-1A22-4B71-B17A-4A04982671B1}.Jenkins|x86.Build.0 = Debug|Any CPU
		{A92B0022-1A22-4B71-B17A-4A04982671B1}.Release|Any CPU.ActiveCfg = Release|Any CPU
		{A92B0022-1A22-4B71-B17A-4A04982671B1}.Release|Any CPU.Build.0 = Release|Any CPU
		{A92B0022-1A22-4B71-B17A-4A04982671B1}.Release|x86.ActiveCfg = Release|Any CPU
		{A92B0022-1A22-4B71-B17A-4A04982671B1}.Release|x86.Build.0 = Release|Any CPU
		{A31734CC-B037-4D64-BB45-0360FB5050D0}.Debug|Any CPU.ActiveCfg = Debug|Any CPU
		{A31734CC-B037-4D64-BB45-0360FB5050D0}.Debug|Any CPU.Build.0 = Debug|Any CPU
		{A31734CC-B037-4D64-BB45-0360FB5050D0}.Debug|x86.ActiveCfg = Debug|Any CPU
		{A31734CC-B037-4D64-BB45-0360FB5050D0}.Debug|x86.Build.0 = Debug|Any CPU
		{A31734CC-B037-4D64-BB45-0360FB5050D0}.DebugLocal|Any CPU.ActiveCfg = Debug|Any CPU
		{A31734CC-B037-4D64-BB45-0360FB5050D0}.DebugLocal|Any CPU.Build.0 = Debug|Any CPU
		{A31734CC-B037-4D64-BB45-0360FB5050D0}.DebugLocal|x86.ActiveCfg = Debug|Any CPU
		{A31734CC-B037-4D64-BB45-0360FB5050D0}.DebugLocal|x86.Build.0 = Debug|Any CPU
		{A31734CC-B037-4D64-BB45-0360FB5050D0}.Jenkins|Any CPU.ActiveCfg = Debug|Any CPU
		{A31734CC-B037-4D64-BB45-0360FB5050D0}.Jenkins|Any CPU.Build.0 = Debug|Any CPU
		{A31734CC-B037-4D64-BB45-0360FB5050D0}.Jenkins|x86.ActiveCfg = Debug|Any CPU
		{A31734CC-B037-4D64-BB45-0360FB5050D0}.Jenkins|x86.Build.0 = Debug|Any CPU
		{A31734CC-B037-4D64-BB45-0360FB5050D0}.Release|Any CPU.ActiveCfg = Release|Any CPU
		{A31734CC-B037-4D64-BB45-0360FB5050D0}.Release|Any CPU.Build.0 = Release|Any CPU
		{A31734CC-B037-4D64-BB45-0360FB5050D0}.Release|x86.ActiveCfg = Release|Any CPU
		{A31734CC-B037-4D64-BB45-0360FB5050D0}.Release|x86.Build.0 = Release|Any CPU
	EndGlobalSection
	GlobalSection(SolutionProperties) = preSolution
		HideSolutionNode = FALSE
	EndGlobalSection
	GlobalSection(NestedProjects) = preSolution
		{5BC633FF-DD2A-4AFA-ACE3-EE11A4599199} = {424CA9C5-4B3A-42CB-B410-D7374F0255B5}
		{44F5695C-2D3D-431E-88CC-6BC5B73935BF} = {E2C447EC-132B-4233-BF2A-0D40BA0B6F65}
		{2A13F03D-A296-4CE5-859F-A3A26B884E0D} = {30355849-1B90-4FC2-9BF9-A4CDF3C655D6}
		{52DC0858-F415-4FE7-AEA5-1E60652DB421} = {E2C447EC-132B-4233-BF2A-0D40BA0B6F65}
		{9BC79C49-4F39-409F-A3D4-F1DABB8122B4} = {30355849-1B90-4FC2-9BF9-A4CDF3C655D6}
		{C26344C6-9829-4673-940A-A3F44CFA945C} = {30355849-1B90-4FC2-9BF9-A4CDF3C655D6}
		{98EC024C-6439-44B1-8B1E-29E457B2201F} = {DF241327-2EA0-4CC6-AD9C-F47A727F3D77}
		{943BA0EE-4E1D-4862-B7FD-2184EC4721D1} = {DF241327-2EA0-4CC6-AD9C-F47A727F3D77}
		{FA51B713-73F4-40C3-ACA3-8F2210400E08} = {5627916A-C3B8-4840-9969-7881332240EC}
		{B963F3BC-9A5B-4D74-BC64-5EF150469D12} = {F8FDCB7F-DBC6-4EC8-A409-3CB5B387EC2E}
		{15B3E0D2-6217-493A-A690-158C497F5318} = {F8FDCB7F-DBC6-4EC8-A409-3CB5B387EC2E}
		{91E03407-CB15-4B78-9BB5-93066F4D9DF6} = {DF241327-2EA0-4CC6-AD9C-F47A727F3D77}
		{35076AD8-47E4-455E-B5B2-F4104D28BB72} = {5627916A-C3B8-4840-9969-7881332240EC}
		{4C4B9149-A86A-4C7C-A4CB-90FFE40E734D} = {5627916A-C3B8-4840-9969-7881332240EC}
		{8E2C1119-037D-4A06-9BF3-0DAD1682EC67} = {5627916A-C3B8-4840-9969-7881332240EC}
		{F6B0C511-8ED4-4B68-B7EB-93191FF692F9} = {DF241327-2EA0-4CC6-AD9C-F47A727F3D77}
		{9DA7F3C2-915E-4AF2-9CBE-CE7E892A4A6F} = {5627916A-C3B8-4840-9969-7881332240EC}
		{9753917F-2EE3-4072-BD7E-C4F677EFAABB} = {F8FDCB7F-DBC6-4EC8-A409-3CB5B387EC2E}
		{A089B73C-69EC-4698-A2E2-DAF208AB5EAC} = {EC849CAB-7270-4B6A-A894-EC2A079A8B69}
		{6461D8F2-94BA-4F4D-8312-26890DF036BC} = {51493C62-1BF8-4287-811A-9A656A59BA94}
		{F26B931A-C91B-45E3-ADFD-3C33A38DFA32} = {E2C447EC-132B-4233-BF2A-0D40BA0B6F65}
		{A92B0022-1A22-4B71-B17A-4A04982671B1} = {E2C447EC-132B-4233-BF2A-0D40BA0B6F65}
		{A31734CC-B037-4D64-BB45-0360FB5050D0} = {E2C447EC-132B-4233-BF2A-0D40BA0B6F65}
		{DF241327-2EA0-4CC6-AD9C-F47A727F3D77} = {F8FDCB7F-DBC6-4EC8-A409-3CB5B387EC2E}
		{51493C62-1BF8-4287-811A-9A656A59BA94} = {30355849-1B90-4FC2-9BF9-A4CDF3C655D6}
	EndGlobalSection
	GlobalSection(ExtensibilityGlobals) = postSolution
		RESX_NeutralResourcesLanguage = es-AR
		SolutionGuid = {9DDEFB12-34EF-487C-AD39-BE59400A56B5}
	EndGlobalSection
EndGlobal
