
Microsoft Visual Studio Solution File, Format Version 12.00
# Visual Studio Version 16
VisualStudioVersion = 16.0.30517.126
MinimumVisualStudioVersion = 10.0.40219.1
Project("{2150E333-8FDC-42A3-9474-1A3956D46DE8}") = ".nuget", ".nuget", "{C814E341-55E7-4D98-8A72-27692347AF96}"
	ProjectSection(SolutionItems) = preProject
		.nuget\NuGet.Config = .nuget\NuGet.Config
		.nuget\NuGet.exe = .nuget\NuGet.exe
		.nuget\NuGet.targets = .nuget\NuGet.targets
	EndProjectSection
EndProject
Project("{FAE04EC0-301F-11D3-BF4B-00C04F79EFBC}") = "Molinos.Scato.Test", "Molinos.Scato.Test\Molinos.Scato.Test.csproj", "{5BC633FF-DD2A-4AFA-ACE3-EE11A4599199}"
	ProjectSection(ProjectDependencies) = postProject
		{943BA0EE-4E1D-4862-B7FD-2184EC4721D1} = {943BA0EE-4E1D-4862-B7FD-2184EC4721D1}
	EndProjectSection
EndProject
Project("{FAE04EC0-301F-11D3-BF4B-00C04F79EFBC}") = "Molinos.Scato.Build", "Molinos.Scato.Build\Molinos.Scato.Build.csproj", "{44F5695C-2D3D-431E-88CC-6BC5B73935BF}"
EndProject
Project("{00D1A9C2-B5F0-4AF3-8072-F6C62B433612}") = "Molinos.Scato.Database", "Molinos.Scato.Database\Molinos.Scato.Database.sqlproj", "{2A13F03D-A296-4CE5-859F-A3A26B884E0D}"
EndProject
Project("{FAE04EC0-301F-11D3-BF4B-00C04F79EFBC}") = "Molinos.Scato.Dependencias", "Molinos.Scato.Dependencias\Molinos.Scato.Dependencias.csproj", "{52DC0858-F415-4FE7-AEA5-1E60652DB421}"
EndProject
Project("{FAE04EC0-301F-11D3-BF4B-00C04F79EFBC}") = "Molinos.Scato.Dominio", "Molinos.Scato.Dominio\Molinos.Scato.Dominio.csproj", "{9BC79C49-4F39-409F-A3D4-F1DABB8122B4}"
EndProject
Project("{FAE04EC0-301F-11D3-BF4B-00C04F79EFBC}") = "Molinos.Scato.Repositorio", "Molinos.Scato.Repositorio\Molinos.Scato.Repositorio.csproj", "{C26344C6-9829-4673-940A-A3F44CFA945C}"
EndProject
Project("{FAE04EC0-301F-11D3-BF4B-00C04F79EFBC}") = "Molinos.Scato.Actividades", "Molinos.Scato.Actividades\Molinos.Scato.Actividades.csproj", "{98EC024C-6439-44B1-8B1E-29E457B2201F}"
EndProject
Project("{FAE04EC0-301F-11D3-BF4B-00C04F79EFBC}") = "Molinos.Scato.Workflow", "Molinos.Scato.Workflow\Molinos.Scato.Workflow.csproj", "{943BA0EE-4E1D-4862-B7FD-2184EC4721D1}"
EndProject
Project("{FAE04EC0-301F-11D3-BF4B-00C04F79EFBC}") = "Molinos.Scato.Web", "Molinos.Scato.Web\Molinos.Scato.Web.csproj", "{FA51B713-73F4-40C3-ACA3-8F2210400E08}"
	ProjectSection(ProjectDependencies) = postProject
		{943BA0EE-4E1D-4862-B7FD-2184EC4721D1} = {943BA0EE-4E1D-4862-B7FD-2184EC4721D1}
	EndProjectSection
EndProject
Project("{FAE04EC0-301F-11D3-BF4B-00C04F79EFBC}") = "Molinos.Scato.ServiciosWeb", "Molinos.Scato.ServiciosWeb\Molinos.Scato.ServiciosWeb.csproj", "{B963F3BC-9A5B-4D74-BC64-5EF150469D12}"
EndProject
Project("{FAE04EC0-301F-11D3-BF4B-00C04F79EFBC}") = "Molinos.Scato.Servicios", "Molinos.Scato.Servicios\Molinos.Scato.Servicios.csproj", "{15B3E0D2-6217-493A-A690-158C497F5318}"
EndProject
Project("{F14B399A-7131-4C87-9E4B-1186C45EF12D}") = "Molinos.Scato.Reportes", "Molinos.Scato.Reportes\Molinos.Scato.Reportes.rptproj", "{416634D1-1E09-4757-9DE1-FD195A01FCAB}"
EndProject
Project("{FAE04EC0-301F-11D3-BF4B-00C04F79EFBC}") = "Molinos.Scato.WfEditor", "Molinos.Scato.WfEditor\Molinos.Scato.WfEditor.csproj", "{91E03407-CB15-4B78-9BB5-93066F4D9DF6}"
EndProject
Project("{FAE04EC0-301F-11D3-BF4B-00C04F79EFBC}") = "TransmisionASapManual", "TransmisionASapManual\TransmisionASapManual.csproj", "{35076AD8-47E4-455E-B5B2-F4104D28BB72}"
EndProject
Project("{FAE04EC0-301F-11D3-BF4B-00C04F79EFBC}") = "BuscadorDeInconcistencias", "BuscadorDeInconcistencias\BuscadorDeInconcistencias.csproj", "{2F6BF7C0-1FB5-404D-9741-00B79893822C}"
EndProject
Project("{FAE04EC0-301F-11D3-BF4B-00C04F79EFBC}") = "Molinos.Scato.WebMobile", "Molinos.Scato.WebMobile\Molinos.Scato.WebMobile.csproj", "{4C4B9149-A86A-4C7C-A4CB-90FFE40E734D}"
	ProjectSection(ProjectDependencies) = postProject
		{B963F3BC-9A5B-4D74-BC64-5EF150469D12} = {B963F3BC-9A5B-4D74-BC64-5EF150469D12}
	EndProjectSection
EndProject
Project("{FAE04EC0-301F-11D3-BF4B-00C04F79EFBC}") = "Molinos.Scato.WebOperaciones", "Molinos.Scato.WebOperaciones\Molinos.Scato.WebOperaciones.csproj", "{8E2C1119-037D-4A06-9BF3-0DAD1682EC67}"
EndProject
Project("{FAE04EC0-301F-11D3-BF4B-00C04F79EFBC}") = "Molinos.Scato.WfEditorWeb", "Molinos.Scato.WfEditorWeb\Molinos.Scato.WfEditorWeb.csproj", "{F6B0C511-8ED4-4B68-B7EB-93191FF692F9}"
EndProject
Project("{FAE04EC0-301F-11D3-BF4B-00C04F79EFBC}") = "Molinos.Scato.ModuloImpresor", "Molinos.Scato.ModuloImpresor\Molinos.Scato.ModuloImpresor.csproj", "{9DA7F3C2-915E-4AF2-9CBE-CE7E892A4A6F}"
EndProject
Project("{FAE04EC0-301F-11D3-BF4B-00C04F79EFBC}") = "Molinos.Scato.WebPuertoApi", "Molinos.Scato.WebPuertoApi\Molinos.Scato.WebPuertoApi.csproj", "{9753917F-2EE3-4072-BD7E-C4F677EFAABB}"
EndProject
Project("{FAE04EC0-301F-11D3-BF4B-00C04F79EFBC}") = "Molinos.Scato.WebPuerto", "Molinos.Scato.WebPuerto\Molinos.Scato.WebPuerto.csproj", "{A089B73C-69EC-4698-A2E2-DAF208AB5EAC}"
EndProject
Global
	GlobalSection(SolutionConfigurationPlatforms) = preSolution
		Debug|Any CPU = Debug|Any CPU
		Debug|x86 = Debug|x86
		DebugLocal|Any CPU = DebugLocal|Any CPU
		DebugLocal|x86 = DebugLocal|x86
		Jenkins|Any CPU = Jenkins|Any CPU
		Jenkins|x86 = Jenkins|x86
		Release|Any CPU = Release|Any CPU
		Release|x86 = Release|x86
	EndGlobalSection
	GlobalSection(ProjectConfigurationPlatforms) = postSolution
		{5BC633FF-DD2A-4AFA-ACE3-EE11A4599199}.Debug|Any CPU.ActiveCfg = Debug|Any CPU
		{5BC633FF-DD2A-4AFA-ACE3-EE11A4599199}.Debug|Any CPU.Build.0 = Debug|Any CPU
		{5BC633FF-DD2A-4AFA-ACE3-EE11A4599199}.Debug|x86.ActiveCfg = Debug|Any CPU
		{5BC633FF-DD2A-4AFA-ACE3-EE11A4599199}.Debug|x86.Build.0 = Debug|Any CPU
		{5BC633FF-DD2A-4AFA-ACE3-EE11A4599199}.DebugLocal|Any CPU.ActiveCfg = Debug|Any CPU
		{5BC633FF-DD2A-4AFA-ACE3-EE11A4599199}.DebugLocal|Any CPU.Build.0 = Debug|Any CPU
		{5BC633FF-DD2A-4AFA-ACE3-EE11A4599199}.DebugLocal|x86.ActiveCfg = Debug|Any CPU
		{5BC633FF-DD2A-4AFA-ACE3-EE11A4599199}.DebugLocal|x86.Build.0 = Debug|Any CPU
		{5BC633FF-DD2A-4AFA-ACE3-EE11A4599199}.Jenkins|Any CPU.ActiveCfg = Jenkins|Any CPU
		{5BC633FF-DD2A-4AFA-ACE3-EE11A4599199}.Jenkins|Any CPU.Build.0 = Jenkins|Any CPU
		{5BC633FF-DD2A-4AFA-ACE3-EE11A4599199}.Jenkins|x86.ActiveCfg = Jenkins|Any CPU
		{5BC633FF-DD2A-4AFA-ACE3-EE11A4599199}.Jenkins|x86.Build.0 = Jenkins|Any CPU
		{5BC633FF-DD2A-4AFA-ACE3-EE11A4599199}.Release|Any CPU.ActiveCfg = Release|Any CPU
		{5BC633FF-DD2A-4AFA-ACE3-EE11A4599199}.Release|Any CPU.Build.0 = Release|Any CPU
		{5BC633FF-DD2A-4AFA-ACE3-EE11A4599199}.Release|x86.ActiveCfg = Release|Any CPU
		{5BC633FF-DD2A-4AFA-ACE3-EE11A4599199}.Release|x86.Build.0 = Release|Any CPU
		{44F5695C-2D3D-431E-88CC-6BC5B73935BF}.Debug|Any CPU.ActiveCfg = Debug|Any CPU
		{44F5695C-2D3D-431E-88CC-6BC5B73935BF}.Debug|Any CPU.Build.0 = Debug|Any CPU
		{44F5695C-2D3D-431E-88CC-6BC5B73935BF}.Debug|x86.ActiveCfg = Debug|Any CPU
		{44F5695C-2D3D-431E-88CC-6BC5B73935BF}.Debug|x86.Build.0 = Debug|Any CPU
		{44F5695C-2D3D-431E-88CC-6BC5B73935BF}.DebugLocal|Any CPU.ActiveCfg = Debug|Any CPU
		{44F5695C-2D3D-431E-88CC-6BC5B73935BF}.DebugLocal|Any CPU.Build.0 = Debug|Any CPU
		{44F5695C-2D3D-431E-88CC-6BC5B73935BF}.DebugLocal|x86.ActiveCfg = Debug|Any CPU
		{44F5695C-2D3D-431E-88CC-6BC5B73935BF}.DebugLocal|x86.Build.0 = Debug|Any CPU
		{44F5695C-2D3D-431E-88CC-6BC5B73935BF}.Jenkins|Any CPU.ActiveCfg = Jenkins|Any CPU
		{44F5695C-2D3D-431E-88CC-6BC5B73935BF}.Jenkins|Any CPU.Build.0 = Jenkins|Any CPU
		{44F5695C-2D3D-431E-88CC-6BC5B73935BF}.Jenkins|x86.ActiveCfg = Jenkins|Any CPU
		{44F5695C-2D3D-431E-88CC-6BC5B73935BF}.Jenkins|x86.Build.0 = Jenkins|Any CPU
		{44F5695C-2D3D-431E-88CC-6BC5B73935BF}.Release|Any CPU.ActiveCfg = Release|Any CPU
		{44F5695C-2D3D-431E-88CC-6BC5B73935BF}.Release|Any CPU.Build.0 = Release|Any CPU
		{44F5695C-2D3D-431E-88CC-6BC5B73935BF}.Release|x86.ActiveCfg = Release|Any CPU
		{44F5695C-2D3D-431E-88CC-6BC5B73935BF}.Release|x86.Build.0 = Release|Any CPU
		{2A13F03D-A296-4CE5-859F-A3A26B884E0D}.Debug|Any CPU.ActiveCfg = Debug|Any CPU
		{2A13F03D-A296-4CE5-859F-A3A26B884E0D}.Debug|Any CPU.Build.0 = Debug|Any CPU
		{2A13F03D-A296-4CE5-859F-A3A26B884E0D}.Debug|Any CPU.Deploy.0 = Debug|Any CPU
		{2A13F03D-A296-4CE5-859F-A3A26B884E0D}.Debug|x86.ActiveCfg = Debug|Any CPU
		{2A13F03D-A296-4CE5-859F-A3A26B884E0D}.Debug|x86.Build.0 = Debug|Any CPU
		{2A13F03D-A296-4CE5-859F-A3A26B884E0D}.Debug|x86.Deploy.0 = Debug|Any CPU
		{2A13F03D-A296-4CE5-859F-A3A26B884E0D}.DebugLocal|Any CPU.ActiveCfg = Debug|Any CPU
		{2A13F03D-A296-4CE5-859F-A3A26B884E0D}.DebugLocal|Any CPU.Build.0 = Debug|Any CPU
		{2A13F03D-A296-4CE5-859F-A3A26B884E0D}.DebugLocal|Any CPU.Deploy.0 = Debug|Any CPU
		{2A13F03D-A296-4CE5-859F-A3A26B884E0D}.DebugLocal|x86.ActiveCfg = Debug|Any CPU
		{2A13F03D-A296-4CE5-859F-A3A26B884E0D}.DebugLocal|x86.Build.0 = Debug|Any CPU
		{2A13F03D-A296-4CE5-859F-A3A26B884E0D}.DebugLocal|x86.Deploy.0 = Debug|Any CPU
		{2A13F03D-A296-4CE5-859F-A3A26B884E0D}.Jenkins|Any CPU.ActiveCfg = Jenkins|Any CPU
		{2A13F03D-A296-4CE5-859F-A3A26B884E0D}.Jenkins|Any CPU.Build.0 = Jenkins|Any CPU
		{2A13F03D-A296-4CE5-859F-A3A26B884E0D}.Jenkins|Any CPU.Deploy.0 = Jenkins|Any CPU
		{2A13F03D-A296-4CE5-859F-A3A26B884E0D}.Jenkins|x86.ActiveCfg = Jenkins|Any CPU
		{2A13F03D-A296-4CE5-859F-A3A26B884E0D}.Jenkins|x86.Build.0 = Jenkins|Any CPU
		{2A13F03D-A296-4CE5-859F-A3A26B884E0D}.Jenkins|x86.Deploy.0 = Jenkins|Any CPU
		{2A13F03D-A296-4CE5-859F-A3A26B884E0D}.Release|Any CPU.ActiveCfg = Release|Any CPU
		{2A13F03D-A296-4CE5-859F-A3A26B884E0D}.Release|Any CPU.Build.0 = Release|Any CPU
		{2A13F03D-A296-4CE5-859F-A3A26B884E0D}.Release|Any CPU.Deploy.0 = Release|Any CPU
		{2A13F03D-A296-4CE5-859F-A3A26B884E0D}.Release|x86.ActiveCfg = Release|Any CPU
		{2A13F03D-A296-4CE5-859F-A3A26B884E0D}.Release|x86.Build.0 = Release|Any CPU
		{2A13F03D-A296-4CE5-859F-A3A26B884E0D}.Release|x86.Deploy.0 = Release|Any CPU
		{52DC0858-F415-4FE7-AEA5-1E60652DB421}.Debug|Any CPU.ActiveCfg = Debug|Any CPU
		{52DC0858-F415-4FE7-AEA5-1E60652DB421}.Debug|Any CPU.Build.0 = Debug|Any CPU
		{52DC0858-F415-4FE7-AEA5-1E60652DB421}.Debug|x86.ActiveCfg = Debug|Any CPU
		{52DC0858-F415-4FE7-AEA5-1E60652DB421}.Debug|x86.Build.0 = Debug|Any CPU
		{52DC0858-F415-4FE7-AEA5-1E60652DB421}.DebugLocal|Any CPU.ActiveCfg = Debug|Any CPU
		{52DC0858-F415-4FE7-AEA5-1E60652DB421}.DebugLocal|Any CPU.Build.0 = Debug|Any CPU
		{52DC0858-F415-4FE7-AEA5-1E60652DB421}.DebugLocal|x86.ActiveCfg = Debug|Any CPU
		{52DC0858-F415-4FE7-AEA5-1E60652DB421}.DebugLocal|x86.Build.0 = Debug|Any CPU
		{52DC0858-F415-4FE7-AEA5-1E60652DB421}.Jenkins|Any CPU.ActiveCfg = Jenkins|Any CPU
		{52DC0858-F415-4FE7-AEA5-1E60652DB421}.Jenkins|Any CPU.Build.0 = Jenkins|Any CPU
		{52DC0858-F415-4FE7-AEA5-1E60652DB421}.Jenkins|x86.ActiveCfg = Jenkins|Any CPU
		{52DC0858-F415-4FE7-AEA5-1E60652DB421}.Jenkins|x86.Build.0 = Jenkins|Any CPU
		{52DC0858-F415-4FE7-AEA5-1E60652DB421}.Release|Any CPU.ActiveCfg = Release|Any CPU
		{52DC0858-F415-4FE7-AEA5-1E60652DB421}.Release|Any CPU.Build.0 = Release|Any CPU
		{52DC0858-F415-4FE7-AEA5-1E60652DB421}.Release|x86.ActiveCfg = Release|Any CPU
		{52DC0858-F415-4FE7-AEA5-1E60652DB421}.Release|x86.Build.0 = Release|Any CPU
		{9BC79C49-4F39-409F-A3D4-F1DABB8122B4}.Debug|Any CPU.ActiveCfg = Debug|Any CPU
		{9BC79C49-4F39-409F-A3D4-F1DABB8122B4}.Debug|Any CPU.Build.0 = Debug|Any CPU
		{9BC79C49-4F39-409F-A3D4-F1DABB8122B4}.Debug|x86.ActiveCfg = Debug|Any CPU
		{9BC79C49-4F39-409F-A3D4-F1DABB8122B4}.Debug|x86.Build.0 = Debug|Any CPU
		{9BC79C49-4F39-409F-A3D4-F1DABB8122B4}.DebugLocal|Any CPU.ActiveCfg = Debug|Any CPU
		{9BC79C49-4F39-409F-A3D4-F1DABB8122B4}.DebugLocal|Any CPU.Build.0 = Debug|Any CPU
		{9BC79C49-4F39-409F-A3D4-F1DABB8122B4}.DebugLocal|x86.ActiveCfg = Debug|Any CPU
		{9BC79C49-4F39-409F-A3D4-F1DABB8122B4}.DebugLocal|x86.Build.0 = Debug|Any CPU
		{9BC79C49-4F39-409F-A3D4-F1DABB8122B4}.Jenkins|Any CPU.ActiveCfg = Jenkins|Any CPU
		{9BC79C49-4F39-409F-A3D4-F1DABB8122B4}.Jenkins|Any CPU.Build.0 = Jenkins|Any CPU
		{9BC79C49-4F39-409F-A3D4-F1DABB8122B4}.Jenkins|x86.ActiveCfg = Jenkins|Any CPU
		{9BC79C49-4F39-409F-A3D4-F1DABB8122B4}.Jenkins|x86.Build.0 = Jenkins|Any CPU
		{9BC79C49-4F39-409F-A3D4-F1DABB8122B4}.Release|Any CPU.ActiveCfg = Release|Any CPU
		{9BC79C49-4F39-409F-A3D4-F1DABB8122B4}.Release|Any CPU.Build.0 = Release|Any CPU
		{9BC79C49-4F39-409F-A3D4-F1DABB8122B4}.Release|x86.ActiveCfg = Release|Any CPU
		{9BC79C49-4F39-409F-A3D4-F1DABB8122B4}.Release|x86.Build.0 = Release|Any CPU
		{C26344C6-9829-4673-940A-A3F44CFA945C}.Debug|Any CPU.ActiveCfg = Debug|Any CPU
		{C26344C6-9829-4673-940A-A3F44CFA945C}.Debug|Any CPU.Build.0 = Debug|Any CPU
		{C26344C6-9829-4673-940A-A3F44CFA945C}.Debug|x86.ActiveCfg = Debug|Any CPU
		{C26344C6-9829-4673-940A-A3F44CFA945C}.Debug|x86.Build.0 = Debug|Any CPU
		{C26344C6-9829-4673-940A-A3F44CFA945C}.DebugLocal|Any CPU.ActiveCfg = Debug|Any CPU
		{C26344C6-9829-4673-940A-A3F44CFA945C}.DebugLocal|Any CPU.Build.0 = Debug|Any CPU
		{C26344C6-9829-4673-940A-A3F44CFA945C}.DebugLocal|x86.ActiveCfg = Debug|Any CPU
		{C26344C6-9829-4673-940A-A3F44CFA945C}.DebugLocal|x86.Build.0 = Debug|Any CPU
		{C26344C6-9829-4673-940A-A3F44CFA945C}.Jenkins|Any CPU.ActiveCfg = Jenkins|Any CPU
		{C26344C6-9829-4673-940A-A3F44CFA945C}.Jenkins|Any CPU.Build.0 = Jenkins|Any CPU
		{C26344C6-9829-4673-940A-A3F44CFA945C}.Jenkins|x86.ActiveCfg = Jenkins|Any CPU
		{C26344C6-9829-4673-940A-A3F44CFA945C}.Jenkins|x86.Build.0 = Jenkins|Any CPU
		{C26344C6-9829-4673-940A-A3F44CFA945C}.Release|Any CPU.ActiveCfg = Release|Any CPU
		{C26344C6-9829-4673-940A-A3F44CFA945C}.Release|Any CPU.Build.0 = Release|Any CPU
		{C26344C6-9829-4673-940A-A3F44CFA945C}.Release|x86.ActiveCfg = Release|Any CPU
		{C26344C6-9829-4673-940A-A3F44CFA945C}.Release|x86.Build.0 = Release|Any CPU
		{98EC024C-6439-44B1-8B1E-29E457B2201F}.Debug|Any CPU.ActiveCfg = Debug|Any CPU
		{98EC024C-6439-44B1-8B1E-29E457B2201F}.Debug|Any CPU.Build.0 = Debug|Any CPU
		{98EC024C-6439-44B1-8B1E-29E457B2201F}.Debug|x86.ActiveCfg = Debug|Any CPU
		{98EC024C-6439-44B1-8B1E-29E457B2201F}.Debug|x86.Build.0 = Debug|Any CPU
		{98EC024C-6439-44B1-8B1E-29E457B2201F}.DebugLocal|Any CPU.ActiveCfg = Debug|Any CPU
		{98EC024C-6439-44B1-8B1E-29E457B2201F}.DebugLocal|Any CPU.Build.0 = Debug|Any CPU
		{98EC024C-6439-44B1-8B1E-29E457B2201F}.DebugLocal|x86.ActiveCfg = Debug|Any CPU
		{98EC024C-6439-44B1-8B1E-29E457B2201F}.DebugLocal|x86.Build.0 = Debug|Any CPU
		{98EC024C-6439-44B1-8B1E-29E457B2201F}.Jenkins|Any CPU.ActiveCfg = Jenkins|Any CPU
		{98EC024C-6439-44B1-8B1E-29E457B2201F}.Jenkins|Any CPU.Build.0 = Jenkins|Any CPU
		{98EC024C-6439-44B1-8B1E-29E457B2201F}.Jenkins|x86.ActiveCfg = Jenkins|Any CPU
		{98EC024C-6439-44B1-8B1E-29E457B2201F}.Jenkins|x86.Build.0 = Jenkins|Any CPU
		{98EC024C-6439-44B1-8B1E-29E457B2201F}.Release|Any CPU.ActiveCfg = Release|Any CPU
		{98EC024C-6439-44B1-8B1E-29E457B2201F}.Release|Any CPU.Build.0 = Release|Any CPU
		{98EC024C-6439-44B1-8B1E-29E457B2201F}.Release|x86.ActiveCfg = Release|Any CPU
		{98EC024C-6439-44B1-8B1E-29E457B2201F}.Release|x86.Build.0 = Release|Any CPU
		{943BA0EE-4E1D-4862-B7FD-2184EC4721D1}.Debug|Any CPU.ActiveCfg = Debug|Any CPU
		{943BA0EE-4E1D-4862-B7FD-2184EC4721D1}.Debug|Any CPU.Build.0 = Debug|Any CPU
		{943BA0EE-4E1D-4862-B7FD-2184EC4721D1}.Debug|x86.ActiveCfg = Debug|Any CPU
		{943BA0EE-4E1D-4862-B7FD-2184EC4721D1}.Debug|x86.Build.0 = Debug|Any CPU
		{943BA0EE-4E1D-4862-B7FD-2184EC4721D1}.DebugLocal|Any CPU.ActiveCfg = Debug|Any CPU
		{943BA0EE-4E1D-4862-B7FD-2184EC4721D1}.DebugLocal|Any CPU.Build.0 = Debug|Any CPU
		{943BA0EE-4E1D-4862-B7FD-2184EC4721D1}.DebugLocal|x86.ActiveCfg = Debug|Any CPU
		{943BA0EE-4E1D-4862-B7FD-2184EC4721D1}.DebugLocal|x86.Build.0 = Debug|Any CPU
		{943BA0EE-4E1D-4862-B7FD-2184EC4721D1}.Jenkins|Any CPU.ActiveCfg = Jenkins|Any CPU
		{943BA0EE-4E1D-4862-B7FD-2184EC4721D1}.Jenkins|Any CPU.Build.0 = Jenkins|Any CPU
		{943BA0EE-4E1D-4862-B7FD-2184EC4721D1}.Jenkins|x86.ActiveCfg = Jenkins|Any CPU
		{943BA0EE-4E1D-4862-B7FD-2184EC4721D1}.Jenkins|x86.Build.0 = Jenkins|Any CPU
		{943BA0EE-4E1D-4862-B7FD-2184EC4721D1}.Release|Any CPU.ActiveCfg = Release|Any CPU
		{943BA0EE-4E1D-4862-B7FD-2184EC4721D1}.Release|Any CPU.Build.0 = Release|Any CPU
		{943BA0EE-4E1D-4862-B7FD-2184EC4721D1}.Release|x86.ActiveCfg = Release|Any CPU
		{943BA0EE-4E1D-4862-B7FD-2184EC4721D1}.Release|x86.Build.0 = Release|Any CPU
		{FA51B713-73F4-40C3-ACA3-8F2210400E08}.Debug|Any CPU.ActiveCfg = Debug|Any CPU
		{FA51B713-73F4-40C3-ACA3-8F2210400E08}.Debug|Any CPU.Build.0 = Debug|Any CPU
		{FA51B713-73F4-40C3-ACA3-8F2210400E08}.Debug|x86.ActiveCfg = Debug|Any CPU
		{FA51B713-73F4-40C3-ACA3-8F2210400E08}.Debug|x86.Build.0 = Debug|Any CPU
		{FA51B713-73F4-40C3-ACA3-8F2210400E08}.DebugLocal|Any CPU.ActiveCfg = Debug|Any CPU
		{FA51B713-73F4-40C3-ACA3-8F2210400E08}.DebugLocal|Any CPU.Build.0 = Debug|Any CPU
		{FA51B713-73F4-40C3-ACA3-8F2210400E08}.DebugLocal|x86.ActiveCfg = Debug|Any CPU
		{FA51B713-73F4-40C3-ACA3-8F2210400E08}.DebugLocal|x86.Build.0 = Debug|Any CPU
		{FA51B713-73F4-40C3-ACA3-8F2210400E08}.Jenkins|Any CPU.ActiveCfg = Jenkins|Any CPU
		{FA51B713-73F4-40C3-ACA3-8F2210400E08}.Jenkins|Any CPU.Build.0 = Jenkins|Any CPU
		{FA51B713-73F4-40C3-ACA3-8F2210400E08}.Jenkins|x86.ActiveCfg = Jenkins|Any CPU
		{FA51B713-73F4-40C3-ACA3-8F2210400E08}.Jenkins|x86.Build.0 = Jenkins|Any CPU
		{FA51B713-73F4-40C3-ACA3-8F2210400E08}.Release|Any CPU.ActiveCfg = Release|Any CPU
		{FA51B713-73F4-40C3-ACA3-8F2210400E08}.Release|Any CPU.Build.0 = Release|Any CPU
		{FA51B713-73F4-40C3-ACA3-8F2210400E08}.Release|x86.ActiveCfg = Release|Any CPU
		{FA51B713-73F4-40C3-ACA3-8F2210400E08}.Release|x86.Build.0 = Release|Any CPU
		{B963F3BC-9A5B-4D74-BC64-5EF150469D12}.Debug|Any CPU.ActiveCfg = Debug|Any CPU
		{B963F3BC-9A5B-4D74-BC64-5EF150469D12}.Debug|Any CPU.Build.0 = Debug|Any CPU
		{B963F3BC-9A5B-4D74-BC64-5EF150469D12}.Debug|x86.ActiveCfg = Debug|Any CPU
		{B963F3BC-9A5B-4D74-BC64-5EF150469D12}.Debug|x86.Build.0 = Debug|Any CPU
		{B963F3BC-9A5B-4D74-BC64-5EF150469D12}.DebugLocal|Any CPU.ActiveCfg = Debug|Any CPU
		{B963F3BC-9A5B-4D74-BC64-5EF150469D12}.DebugLocal|Any CPU.Build.0 = Debug|Any CPU
		{B963F3BC-9A5B-4D74-BC64-5EF150469D12}.DebugLocal|x86.ActiveCfg = Debug|Any CPU
		{B963F3BC-9A5B-4D74-BC64-5EF150469D12}.DebugLocal|x86.Build.0 = Debug|Any CPU
		{B963F3BC-9A5B-4D74-BC64-5EF150469D12}.Jenkins|Any CPU.ActiveCfg = Jenkins|Any CPU
		{B963F3BC-9A5B-4D74-BC64-5EF150469D12}.Jenkins|Any CPU.Build.0 = Jenkins|Any CPU
		{B963F3BC-9A5B-4D74-BC64-5EF150469D12}.Jenkins|x86.ActiveCfg = Jenkins|Any CPU
		{B963F3BC-9A5B-4D74-BC64-5EF150469D12}.Jenkins|x86.Build.0 = Jenkins|Any CPU
		{B963F3BC-9A5B-4D74-BC64-5EF150469D12}.Release|Any CPU.ActiveCfg = Release|Any CPU
		{B963F3BC-9A5B-4D74-BC64-5EF150469D12}.Release|Any CPU.Build.0 = Release|Any CPU
		{B963F3BC-9A5B-4D74-BC64-5EF150469D12}.Release|x86.ActiveCfg = Release|Any CPU
		{B963F3BC-9A5B-4D74-BC64-5EF150469D12}.Release|x86.Build.0 = Release|Any CPU
		{15B3E0D2-6217-493A-A690-158C497F5318}.Debug|Any CPU.ActiveCfg = Debug|Any CPU
		{15B3E0D2-6217-493A-A690-158C497F5318}.Debug|Any CPU.Build.0 = Debug|Any CPU
		{15B3E0D2-6217-493A-A690-158C497F5318}.Debug|x86.ActiveCfg = Debug|Any CPU
		{15B3E0D2-6217-493A-A690-158C497F5318}.Debug|x86.Build.0 = Debug|Any CPU
		{15B3E0D2-6217-493A-A690-158C497F5318}.DebugLocal|Any CPU.ActiveCfg = Debug|Any CPU
		{15B3E0D2-6217-493A-A690-158C497F5318}.DebugLocal|Any CPU.Build.0 = Debug|Any CPU
		{15B3E0D2-6217-493A-A690-158C497F5318}.DebugLocal|x86.ActiveCfg = Debug|Any CPU
		{15B3E0D2-6217-493A-A690-158C497F5318}.DebugLocal|x86.Build.0 = Debug|Any CPU
		{15B3E0D2-6217-493A-A690-158C497F5318}.Jenkins|Any CPU.ActiveCfg = Jenkins|Any CPU
		{15B3E0D2-6217-493A-A690-158C497F5318}.Jenkins|Any CPU.Build.0 = Jenkins|Any CPU
		{15B3E0D2-6217-493A-A690-158C497F5318}.Jenkins|x86.ActiveCfg = Jenkins|Any CPU
		{15B3E0D2-6217-493A-A690-158C497F5318}.Jenkins|x86.Build.0 = Jenkins|Any CPU
		{15B3E0D2-6217-493A-A690-158C497F5318}.Release|Any CPU.ActiveCfg = Release|Any CPU
		{15B3E0D2-6217-493A-A690-158C497F5318}.Release|Any CPU.Build.0 = Release|Any CPU
		{15B3E0D2-6217-493A-A690-158C497F5318}.Release|x86.ActiveCfg = Release|Any CPU
		{15B3E0D2-6217-493A-A690-158C497F5318}.Release|x86.Build.0 = Release|Any CPU
		{416634D1-1E09-4757-9DE1-FD195A01FCAB}.Debug|Any CPU.ActiveCfg = Debug
		{416634D1-1E09-4757-9DE1-FD195A01FCAB}.Debug|x86.ActiveCfg = Debug
		{416634D1-1E09-4757-9DE1-FD195A01FCAB}.Debug|x86.Build.0 = Debug
		{416634D1-1E09-4757-9DE1-FD195A01FCAB}.Debug|x86.Deploy.0 = Debug
		{416634D1-1E09-4757-9DE1-FD195A01FCAB}.DebugLocal|Any CPU.ActiveCfg = DebugLocal
		{416634D1-1E09-4757-9DE1-FD195A01FCAB}.DebugLocal|Any CPU.Build.0 = DebugLocal
		{416634D1-1E09-4757-9DE1-FD195A01FCAB}.DebugLocal|x86.ActiveCfg = DebugLocal
		{416634D1-1E09-4757-9DE1-FD195A01FCAB}.DebugLocal|x86.Build.0 = DebugLocal
		{416634D1-1E09-4757-9DE1-FD195A01FCAB}.DebugLocal|x86.Deploy.0 = DebugLocal
		{416634D1-1E09-4757-9DE1-FD195A01FCAB}.Jenkins|Any CPU.ActiveCfg = Release
		{416634D1-1E09-4757-9DE1-FD195A01FCAB}.Jenkins|Any CPU.Build.0 = Release
		{416634D1-1E09-4757-9DE1-FD195A01FCAB}.Jenkins|Any CPU.Deploy.0 = Release
		{416634D1-1E09-4757-9DE1-FD195A01FCAB}.Jenkins|x86.ActiveCfg = 
		{416634D1-1E09-4757-9DE1-FD195A01FCAB}.Jenkins|x86.Build.0 = 
		{416634D1-1E09-4757-9DE1-FD195A01FCAB}.Jenkins|x86.Deploy.0 = 
		{416634D1-1E09-4757-9DE1-FD195A01FCAB}.Release|Any CPU.ActiveCfg = Release
		{416634D1-1E09-4757-9DE1-FD195A01FCAB}.Release|Any CPU.Build.0 = Release
		{416634D1-1E09-4757-9DE1-FD195A01FCAB}.Release|Any CPU.Deploy.0 = Release
		{416634D1-1E09-4757-9DE1-FD195A01FCAB}.Release|x86.ActiveCfg = Release
		{416634D1-1E09-4757-9DE1-FD195A01FCAB}.Release|x86.Build.0 = Release
		{416634D1-1E09-4757-9DE1-FD195A01FCAB}.Release|x86.Deploy.0 = Release
		{91E03407-CB15-4B78-9BB5-93066F4D9DF6}.Debug|Any CPU.ActiveCfg = Debug|Any CPU
		{91E03407-CB15-4B78-9BB5-93066F4D9DF6}.Debug|Any CPU.Build.0 = Debug|Any CPU
		{91E03407-CB15-4B78-9BB5-93066F4D9DF6}.Debug|x86.ActiveCfg = Debug|Any CPU
		{91E03407-CB15-4B78-9BB5-93066F4D9DF6}.Debug|x86.Build.0 = Debug|Any CPU
		{91E03407-CB15-4B78-9BB5-93066F4D9DF6}.DebugLocal|Any CPU.ActiveCfg = Debug|Any CPU
		{91E03407-CB15-4B78-9BB5-93066F4D9DF6}.DebugLocal|Any CPU.Build.0 = Debug|Any CPU
		{91E03407-CB15-4B78-9BB5-93066F4D9DF6}.DebugLocal|x86.ActiveCfg = Debug|Any CPU
		{91E03407-CB15-4B78-9BB5-93066F4D9DF6}.DebugLocal|x86.Build.0 = Debug|Any CPU
		{91E03407-CB15-4B78-9BB5-93066F4D9DF6}.Jenkins|Any CPU.ActiveCfg = Jenkins|Any CPU
		{91E03407-CB15-4B78-9BB5-93066F4D9DF6}.Jenkins|Any CPU.Build.0 = Jenkins|Any CPU
		{91E03407-CB15-4B78-9BB5-93066F4D9DF6}.Jenkins|x86.ActiveCfg = Jenkins|Any CPU
		{91E03407-CB15-4B78-9BB5-93066F4D9DF6}.Jenkins|x86.Build.0 = Jenkins|Any CPU
		{91E03407-CB15-4B78-9BB5-93066F4D9DF6}.Release|Any CPU.ActiveCfg = Release|Any CPU
		{91E03407-CB15-4B78-9BB5-93066F4D9DF6}.Release|Any CPU.Build.0 = Release|Any CPU
		{91E03407-CB15-4B78-9BB5-93066F4D9DF6}.Release|x86.ActiveCfg = Release|Any CPU
		{91E03407-CB15-4B78-9BB5-93066F4D9DF6}.Release|x86.Build.0 = Release|Any CPU
		{35076AD8-47E4-455E-B5B2-F4104D28BB72}.Debug|Any CPU.ActiveCfg = Debug|Any CPU
		{35076AD8-47E4-455E-B5B2-F4104D28BB72}.Debug|Any CPU.Build.0 = Debug|Any CPU
		{35076AD8-47E4-455E-B5B2-F4104D28BB72}.Debug|x86.ActiveCfg = Debug|Any CPU
		{35076AD8-47E4-455E-B5B2-F4104D28BB72}.Debug|x86.Build.0 = Debug|Any CPU
		{35076AD8-47E4-455E-B5B2-F4104D28BB72}.DebugLocal|Any CPU.ActiveCfg = Debug|Any CPU
		{35076AD8-47E4-455E-B5B2-F4104D28BB72}.DebugLocal|Any CPU.Build.0 = Debug|Any CPU
		{35076AD8-47E4-455E-B5B2-F4104D28BB72}.DebugLocal|x86.ActiveCfg = Debug|Any CPU
		{35076AD8-47E4-455E-B5B2-F4104D28BB72}.DebugLocal|x86.Build.0 = Debug|Any CPU
		{35076AD8-47E4-455E-B5B2-F4104D28BB72}.Jenkins|Any CPU.ActiveCfg = Release|Any CPU
		{35076AD8-47E4-455E-B5B2-F4104D28BB72}.Jenkins|Any CPU.Build.0 = Release|Any CPU
		{35076AD8-47E4-455E-B5B2-F4104D28BB72}.Jenkins|x86.ActiveCfg = Release|Any CPU
		{35076AD8-47E4-455E-B5B2-F4104D28BB72}.Jenkins|x86.Build.0 = Release|Any CPU
		{35076AD8-47E4-455E-B5B2-F4104D28BB72}.Release|Any CPU.ActiveCfg = Release|Any CPU
		{35076AD8-47E4-455E-B5B2-F4104D28BB72}.Release|Any CPU.Build.0 = Release|Any CPU
		{35076AD8-47E4-455E-B5B2-F4104D28BB72}.Release|x86.ActiveCfg = Release|Any CPU
		{35076AD8-47E4-455E-B5B2-F4104D28BB72}.Release|x86.Build.0 = Release|Any CPU
		{2F6BF7C0-1FB5-404D-9741-00B79893822C}.Debug|Any CPU.ActiveCfg = Debug|Any CPU
		{2F6BF7C0-1FB5-404D-9741-00B79893822C}.Debug|Any CPU.Build.0 = Debug|Any CPU
		{2F6BF7C0-1FB5-404D-9741-00B79893822C}.Debug|x86.ActiveCfg = Debug|Any CPU
		{2F6BF7C0-1FB5-404D-9741-00B79893822C}.Debug|x86.Build.0 = Debug|Any CPU
		{2F6BF7C0-1FB5-404D-9741-00B79893822C}.DebugLocal|Any CPU.ActiveCfg = Debug|Any CPU
		{2F6BF7C0-1FB5-404D-9741-00B79893822C}.DebugLocal|Any CPU.Build.0 = Debug|Any CPU
		{2F6BF7C0-1FB5-404D-9741-00B79893822C}.DebugLocal|x86.ActiveCfg = Debug|Any CPU
		{2F6BF7C0-1FB5-404D-9741-00B79893822C}.DebugLocal|x86.Build.0 = Debug|Any CPU
		{2F6BF7C0-1FB5-404D-9741-00B79893822C}.Jenkins|Any CPU.ActiveCfg = Release|Any CPU
		{2F6BF7C0-1FB5-404D-9741-00B79893822C}.Jenkins|Any CPU.Build.0 = Release|Any CPU
		{2F6BF7C0-1FB5-404D-9741-00B79893822C}.Jenkins|x86.ActiveCfg = Release|Any CPU
		{2F6BF7C0-1FB5-404D-9741-00B79893822C}.Jenkins|x86.Build.0 = Release|Any CPU
		{2F6BF7C0-1FB5-404D-9741-00B79893822C}.Release|Any CPU.ActiveCfg = Release|Any CPU
		{2F6BF7C0-1FB5-404D-9741-00B79893822C}.Release|Any CPU.Build.0 = Release|Any CPU
		{2F6BF7C0-1FB5-404D-9741-00B79893822C}.Release|x86.ActiveCfg = Release|Any CPU
		{2F6BF7C0-1FB5-404D-9741-00B79893822C}.Release|x86.Build.0 = Release|Any CPU
		{4C4B9149-A86A-4C7C-A4CB-90FFE40E734D}.Debug|Any CPU.ActiveCfg = Debug|Any CPU
		{4C4B9149-A86A-4C7C-A4CB-90FFE40E734D}.Debug|Any CPU.Build.0 = Debug|Any CPU
		{4C4B9149-A86A-4C7C-A4CB-90FFE40E734D}.Debug|x86.ActiveCfg = Debug|Any CPU
		{4C4B9149-A86A-4C7C-A4CB-90FFE40E734D}.Debug|x86.Build.0 = Debug|Any CPU
		{4C4B9149-A86A-4C7C-A4CB-90FFE40E734D}.DebugLocal|Any CPU.ActiveCfg = Debug|Any CPU
		{4C4B9149-A86A-4C7C-A4CB-90FFE40E734D}.DebugLocal|Any CPU.Build.0 = Debug|Any CPU
		{4C4B9149-A86A-4C7C-A4CB-90FFE40E734D}.DebugLocal|x86.ActiveCfg = Debug|Any CPU
		{4C4B9149-A86A-4C7C-A4CB-90FFE40E734D}.DebugLocal|x86.Build.0 = Debug|Any CPU
		{4C4B9149-A86A-4C7C-A4CB-90FFE40E734D}.Jenkins|Any CPU.ActiveCfg = Jenkins|Any CPU
		{4C4B9149-A86A-4C7C-A4CB-90FFE40E734D}.Jenkins|Any CPU.Build.0 = Jenkins|Any CPU
		{4C4B9149-A86A-4C7C-A4CB-90FFE40E734D}.Jenkins|x86.ActiveCfg = Jenkins|Any CPU
		{4C4B9149-A86A-4C7C-A4CB-90FFE40E734D}.Jenkins|x86.Build.0 = Jenkins|Any CPU
		{4C4B9149-A86A-4C7C-A4CB-90FFE40E734D}.Release|Any CPU.ActiveCfg = Release|Any CPU
		{4C4B9149-A86A-4C7C-A4CB-90FFE40E734D}.Release|Any CPU.Build.0 = Release|Any CPU
		{4C4B9149-A86A-4C7C-A4CB-90FFE40E734D}.Release|x86.ActiveCfg = Release|Any CPU
		{4C4B9149-A86A-4C7C-A4CB-90FFE40E734D}.Release|x86.Build.0 = Release|Any CPU
		{8E2C1119-037D-4A06-9BF3-0DAD1682EC67}.Debug|Any CPU.ActiveCfg = Debug|Any CPU
		{8E2C1119-037D-4A06-9BF3-0DAD1682EC67}.Debug|Any CPU.Build.0 = Debug|Any CPU
		{8E2C1119-037D-4A06-9BF3-0DAD1682EC67}.Debug|x86.ActiveCfg = Debug|Any CPU
		{8E2C1119-037D-4A06-9BF3-0DAD1682EC67}.Debug|x86.Build.0 = Debug|Any CPU
		{8E2C1119-037D-4A06-9BF3-0DAD1682EC67}.DebugLocal|Any CPU.ActiveCfg = Debug|Any CPU
		{8E2C1119-037D-4A06-9BF3-0DAD1682EC67}.DebugLocal|Any CPU.Build.0 = Debug|Any CPU
		{8E2C1119-037D-4A06-9BF3-0DAD1682EC67}.DebugLocal|x86.ActiveCfg = Debug|Any CPU
		{8E2C1119-037D-4A06-9BF3-0DAD1682EC67}.DebugLocal|x86.Build.0 = Debug|Any CPU
		{8E2C1119-037D-4A06-9BF3-0DAD1682EC67}.Jenkins|Any CPU.ActiveCfg = Jenkins|Any CPU
		{8E2C1119-037D-4A06-9BF3-0DAD1682EC67}.Jenkins|Any CPU.Build.0 = Jenkins|Any CPU
		{8E2C1119-037D-4A06-9BF3-0DAD1682EC67}.Jenkins|x86.ActiveCfg = Jenkins|Any CPU
		{8E2C1119-037D-4A06-9BF3-0DAD1682EC67}.Jenkins|x86.Build.0 = Jenkins|Any CPU
		{8E2C1119-037D-4A06-9BF3-0DAD1682EC67}.Release|Any CPU.ActiveCfg = Release|Any CPU
		{8E2C1119-037D-4A06-9BF3-0DAD1682EC67}.Release|Any CPU.Build.0 = Release|Any CPU
		{8E2C1119-037D-4A06-9BF3-0DAD1682EC67}.Release|x86.ActiveCfg = Release|Any CPU
		{8E2C1119-037D-4A06-9BF3-0DAD1682EC67}.Release|x86.Build.0 = Release|Any CPU
		{F6B0C511-8ED4-4B68-B7EB-93191FF692F9}.Debug|Any CPU.ActiveCfg = Debug|Any CPU
		{F6B0C511-8ED4-4B68-B7EB-93191FF692F9}.Debug|Any CPU.Build.0 = Debug|Any CPU
		{F6B0C511-8ED4-4B68-B7EB-93191FF692F9}.Debug|x86.ActiveCfg = Debug|Any CPU
		{F6B0C511-8ED4-4B68-B7EB-93191FF692F9}.Debug|x86.Build.0 = Debug|Any CPU
		{F6B0C511-8ED4-4B68-B7EB-93191FF692F9}.DebugLocal|Any CPU.ActiveCfg = Debug|Any CPU
		{F6B0C511-8ED4-4B68-B7EB-93191FF692F9}.DebugLocal|Any CPU.Build.0 = Debug|Any CPU
		{F6B0C511-8ED4-4B68-B7EB-93191FF692F9}.DebugLocal|x86.ActiveCfg = Debug|Any CPU
		{F6B0C511-8ED4-4B68-B7EB-93191FF692F9}.DebugLocal|x86.Build.0 = Debug|Any CPU
		{F6B0C511-8ED4-4B68-B7EB-93191FF692F9}.Jenkins|Any CPU.ActiveCfg = Jenkins|Any CPU
		{F6B0C511-8ED4-4B68-B7EB-93191FF692F9}.Jenkins|Any CPU.Build.0 = Jenkins|Any CPU
		{F6B0C511-8ED4-4B68-B7EB-93191FF692F9}.Jenkins|x86.ActiveCfg = Release|Any CPU
		{F6B0C511-8ED4-4B68-B7EB-93191FF692F9}.Jenkins|x86.Build.0 = Release|Any CPU
		{F6B0C511-8ED4-4B68-B7EB-93191FF692F9}.Release|Any CPU.ActiveCfg = Release|Any CPU
		{F6B0C511-8ED4-4B68-B7EB-93191FF692F9}.Release|Any CPU.Build.0 = Release|Any CPU
		{F6B0C511-8ED4-4B68-B7EB-93191FF692F9}.Release|x86.ActiveCfg = Release|Any CPU
		{F6B0C511-8ED4-4B68-B7EB-93191FF692F9}.Release|x86.Build.0 = Release|Any CPU
		{9DA7F3C2-915E-4AF2-9CBE-CE7E892A4A6F}.Debug|Any CPU.ActiveCfg = Debug|Any CPU
		{9DA7F3C2-915E-4AF2-9CBE-CE7E892A4A6F}.Debug|Any CPU.Build.0 = Debug|Any CPU
		{9DA7F3C2-915E-4AF2-9CBE-CE7E892A4A6F}.Debug|x86.ActiveCfg = Debug|Any CPU
		{9DA7F3C2-915E-4AF2-9CBE-CE7E892A4A6F}.Debug|x86.Build.0 = Debug|Any CPU
		{9DA7F3C2-915E-4AF2-9CBE-CE7E892A4A6F}.DebugLocal|Any CPU.ActiveCfg = Debug|Any CPU
		{9DA7F3C2-915E-4AF2-9CBE-CE7E892A4A6F}.DebugLocal|Any CPU.Build.0 = Debug|Any CPU
		{9DA7F3C2-915E-4AF2-9CBE-CE7E892A4A6F}.DebugLocal|x86.ActiveCfg = Debug|Any CPU
		{9DA7F3C2-915E-4AF2-9CBE-CE7E892A4A6F}.DebugLocal|x86.Build.0 = Debug|Any CPU
		{9DA7F3C2-915E-4AF2-9CBE-CE7E892A4A6F}.Jenkins|Any CPU.ActiveCfg = Jenkins|Any CPU
		{9DA7F3C2-915E-4AF2-9CBE-CE7E892A4A6F}.Jenkins|Any CPU.Build.0 = Jenkins|Any CPU
		{9DA7F3C2-915E-4AF2-9CBE-CE7E892A4A6F}.Jenkins|x86.ActiveCfg = Release|Any CPU
		{9DA7F3C2-915E-4AF2-9CBE-CE7E892A4A6F}.Jenkins|x86.Build.0 = Release|Any CPU
		{9DA7F3C2-915E-4AF2-9CBE-CE7E892A4A6F}.Release|Any CPU.ActiveCfg = Release|Any CPU
		{9DA7F3C2-915E-4AF2-9CBE-CE7E892A4A6F}.Release|Any CPU.Build.0 = Release|Any CPU
		{9DA7F3C2-915E-4AF2-9CBE-CE7E892A4A6F}.Release|x86.ActiveCfg = Release|Any CPU
		{9DA7F3C2-915E-4AF2-9CBE-CE7E892A4A6F}.Release|x86.Build.0 = Release|Any CPU
		{9753917F-2EE3-4072-BD7E-C4F677EFAABB}.Debug|Any CPU.ActiveCfg = Debug|Any CPU
		{9753917F-2EE3-4072-BD7E-C4F677EFAABB}.Debug|Any CPU.Build.0 = Debug|Any CPU
		{9753917F-2EE3-4072-BD7E-C4F677EFAABB}.Debug|x86.ActiveCfg = Debug|Any CPU
		{9753917F-2EE3-4072-BD7E-C4F677EFAABB}.Debug|x86.Build.0 = Debug|Any CPU
		{9753917F-2EE3-4072-BD7E-C4F677EFAABB}.DebugLocal|Any CPU.ActiveCfg = Debug|Any CPU
		{9753917F-2EE3-4072-BD7E-C4F677EFAABB}.DebugLocal|Any CPU.Build.0 = Debug|Any CPU
		{9753917F-2EE3-4072-BD7E-C4F677EFAABB}.DebugLocal|x86.ActiveCfg = Debug|Any CPU
		{9753917F-2EE3-4072-BD7E-C4F677EFAABB}.DebugLocal|x86.Build.0 = Debug|Any CPU
		{9753917F-2EE3-4072-BD7E-C4F677EFAABB}.Jenkins|Any CPU.ActiveCfg = Jenkins|Any CPU
		{9753917F-2EE3-4072-BD7E-C4F677EFAABB}.Jenkins|Any CPU.Build.0 = Jenkins|Any CPU
		{9753917F-2EE3-4072-BD7E-C4F677EFAABB}.Jenkins|x86.ActiveCfg = Debug|Any CPU
		{9753917F-2EE3-4072-BD7E-C4F677EFAABB}.Jenkins|x86.Build.0 = Debug|Any CPU
		{9753917F-2EE3-4072-BD7E-C4F677EFAABB}.Release|Any CPU.ActiveCfg = Release|Any CPU
		{9753917F-2EE3-4072-BD7E-C4F677EFAABB}.Release|Any CPU.Build.0 = Release|Any CPU
		{9753917F-2EE3-4072-BD7E-C4F677EFAABB}.Release|x86.ActiveCfg = Release|Any CPU
		{9753917F-2EE3-4072-BD7E-C4F677EFAABB}.Release|x86.Build.0 = Release|Any CPU
		{A089B73C-69EC-4698-A2E2-DAF208AB5EAC}.Debug|Any CPU.ActiveCfg = Debug|Any CPU
		{A089B73C-69EC-4698-A2E2-DAF208AB5EAC}.Debug|Any CPU.Build.0 = Debug|Any CPU
		{A089B73C-69EC-4698-A2E2-DAF208AB5EAC}.Debug|x86.ActiveCfg = Debug|Any CPU
		{A089B73C-69EC-4698-A2E2-DAF208AB5EAC}.Debug|x86.Build.0 = Debug|Any CPU
		{A089B73C-69EC-4698-A2E2-DAF208AB5EAC}.DebugLocal|Any CPU.ActiveCfg = Debug|Any CPU
		{A089B73C-69EC-4698-A2E2-DAF208AB5EAC}.DebugLocal|Any CPU.Build.0 = Debug|Any CPU
		{A089B73C-69EC-4698-A2E2-DAF208AB5EAC}.DebugLocal|x86.ActiveCfg = Debug|Any CPU
		{A089B73C-69EC-4698-A2E2-DAF208AB5EAC}.DebugLocal|x86.Build.0 = Debug|Any CPU
		{A089B73C-69EC-4698-A2E2-DAF208AB5EAC}.Jenkins|Any CPU.ActiveCfg = Jenkins|Any CPU
		{A089B73C-69EC-4698-A2E2-DAF208AB5EAC}.Jenkins|Any CPU.Build.0 = Jenkins|Any CPU
		{A089B73C-69EC-4698-A2E2-DAF208AB5EAC}.Jenkins|x86.ActiveCfg = Jenkins|Any CPU
		{A089B73C-69EC-4698-A2E2-DAF208AB5EAC}.Jenkins|x86.Build.0 = Jenkins|Any CPU
		{A089B73C-69EC-4698-A2E2-DAF208AB5EAC}.Release|Any CPU.ActiveCfg = Release|Any CPU
		{A089B73C-69EC-4698-A2E2-DAF208AB5EAC}.Release|Any CPU.Build.0 = Release|Any CPU
		{A089B73C-69EC-4698-A2E2-DAF208AB5EAC}.Release|x86.ActiveCfg = Release|Any CPU
		{A089B73C-69EC-4698-A2E2-DAF208AB5EAC}.Release|x86.Build.0 = Release|Any CPU
	EndGlobalSection
	GlobalSection(SolutionProperties) = preSolution
		HideSolutionNode = FALSE
	EndGlobalSection
	GlobalSection(ExtensibilityGlobals) = postSolution
		SolutionGuid = {9DDEFB12-34EF-487C-AD39-BE59400A56B5}
	EndGlobalSection
	GlobalSection(TeamFoundationVersionControl) = preSolution
		SccNumberOfProjects = 22
		SccEnterpriseProvider = {4CA58AB2-18FA-4F8D-95D4-32DDF27D184C}
		SccTeamFoundationServer = http://tfs-ms.baufest.com/tfs/00tfs%20upgraded%20projects%20from%202005
		SccLocalPath0 = .
		SccProjectUniqueName1 = Molinos.Scato.Test\\Molinos.Scato.Test.csproj
		SccProjectName1 = Molinos.Scato.Test
		SccLocalPath1 = Molinos.Scato.Test
		SccProjectUniqueName2 = Molinos.Scato.Build\\Molinos.Scato.Build.csproj
		SccProjectName2 = Molinos.Scato.Build
		SccLocalPath2 = Molinos.Scato.Build
		SccProjectUniqueName3 = Molinos.Scato.Database\\Molinos.Scato.Database.sqlproj
		SccProjectName3 = Molinos.Scato.Database
		SccLocalPath3 = Molinos.Scato.Database
		SccProjectUniqueName4 = Molinos.Scato.Dependencias\\Molinos.Scato.Dependencias.csproj
		SccProjectName4 = Molinos.Scato.Dependencias
		SccLocalPath4 = Molinos.Scato.Dependencias
		SccProjectUniqueName5 = Molinos.Scato.Dominio\\Molinos.Scato.Dominio.csproj
		SccProjectName5 = Molinos.Scato.Dominio
		SccLocalPath5 = Molinos.Scato.Dominio
		SccProjectUniqueName6 = Molinos.Scato.Repositorio\\Molinos.Scato.Repositorio.csproj
		SccProjectName6 = Molinos.Scato.Repositorio
		SccLocalPath6 = Molinos.Scato.Repositorio
		SccProjectUniqueName7 = Molinos.Scato.ServiciosWeb\\Molinos.Scato.ServiciosWeb.csproj
		SccProjectName7 = Molinos.Scato.ServiciosWeb
		SccLocalPath7 = Molinos.Scato.ServiciosWeb
		SccProjectUniqueName8 = Molinos.Scato.Servicios\\Molinos.Scato.Servicios.csproj
		SccProjectName8 = Molinos.Scato.Servicios
		SccLocalPath8 = Molinos.Scato.Servicios
		SccProjectUniqueName9 = Molinos.Scato.Reportes\\Molinos.Scato.Reportes.rptproj
		SccProjectName9 = Molinos.Scato.Reportes
		SccLocalPath9 = Molinos.Scato.Reportes
		SccProjectUniqueName10 = Molinos.Scato.WfEditor\\Molinos.Scato.WfEditor.csproj
		SccProjectName10 = Molinos.Scato.WfEditor
		SccLocalPath10 = Molinos.Scato.WfEditor
		SccProjectUniqueName11 = TransmisionASapManual\\TransmisionASapManual.csproj
		SccProjectName11 = TransmisionASapManual
		SccLocalPath11 = TransmisionASapManual
		SccProjectUniqueName12 = BuscadorDeInconcistencias\\BuscadorDeInconcistencias.csproj
		SccProjectName12 = BuscadorDeInconcistencias
		SccLocalPath12 = BuscadorDeInconcistencias
		SccProjectUniqueName13 = Molinos.Scato.Actividades\\Molinos.Scato.Actividades.csproj
		SccProjectName13 = Molinos.Scato.Actividades
		SccLocalPath13 = Molinos.Scato.Actividades
		SccProjectUniqueName14 = Molinos.Scato.Workflow\\Molinos.Scato.Workflow.csproj
		SccProjectName14 = Molinos.Scato.Workflow
		SccLocalPath14 = Molinos.Scato.Workflow
		SccProjectUniqueName15 = Molinos.Scato.Web\\Molinos.Scato.Web.csproj
		SccProjectName15 = Molinos.Scato.Web
		SccLocalPath15 = Molinos.Scato.Web
		SccProjectUniqueName16 = Molinos.Scato.WebMobile\\Molinos.Scato.WebMobile.csproj
		SccProjectName16 = Molinos.Scato.WebMobile
		SccLocalPath16 = Molinos.Scato.WebMobile
		SccProjectUniqueName17 = Molinos.Scato.WebOperaciones\\Molinos.Scato.WebOperaciones.csproj
		SccProjectName17 = Molinos.Scato.WebOperaciones
		SccLocalPath17 = Molinos.Scato.WebOperaciones
		SccProjectUniqueName18 = Molinos.Scato.WfEditorWeb\\Molinos.Scato.WfEditorWeb.csproj
		SccProjectName18 = Molinos.Scato.WfEditorWeb
		SccLocalPath18 = Molinos.Scato.WfEditorWeb
		SccProjectUniqueName19 = Molinos.Scato.ModuloImpresor\\Molinos.Scato.ModuloImpresor.csproj
		SccProjectName19 = Molinos.Scato.ModuloImpresor
		SccLocalPath19 = Molinos.Scato.ModuloImpresor
		SccProjectUniqueName20 = Molinos.Scato.WebPuertoApi\\Molinos.Scato.WebPuertoApi.csproj
		SccProjectName20 = Molinos.Scato.WebPuertoApi
		SccLocalPath20 = Molinos.Scato.WebPuertoApi
		SccProjectUniqueName21 = Molinos.Scato.WebPuerto\\Molinos.Scato.WebPuerto.csproj
		SccProjectName21 = Molinos.Scato.WebPuerto
		SccLocalPath21 = Molinos.Scato.WebPuerto
	EndGlobalSection
EndGlobal
